// !$*UTF8*$!
{
	archiveVersion = 1;
	classes = {
	};
	objectVersion = 46;
	objects = {

/* Begin PBXBuildFile section */
		842486AB16336A3C00EC3C0A /* CoreLocation.framework in Frameworks */ = {isa = PBXBuildFile; fileRef = 842486AA16336A3C00EC3C0A /* CoreLocation.framework */; };
		842486AE16336A4100EC3C0A /* MapKit.framework in Frameworks */ = {isa = PBXBuildFile; fileRef = 842486AD16336A4000EC3C0A /* MapKit.framework */; };
		842486B1163370DA00EC3C0A /* ExploreViewController.m in Sources */ = {isa = PBXBuildFile; fileRef = 842486B0163370DA00EC3C0A /* ExploreViewController.m */; };
		84422AC1162A87FF0077E6D5 /* UIKit.framework in Frameworks */ = {isa = PBXBuildFile; fileRef = 84422AC0162A87FF0077E6D5 /* UIKit.framework */; };
		84422AC3162A87FF0077E6D5 /* Foundation.framework in Frameworks */ = {isa = PBXBuildFile; fileRef = 84422AC2162A87FF0077E6D5 /* Foundation.framework */; };
		84422AC5162A87FF0077E6D5 /* CoreGraphics.framework in Frameworks */ = {isa = PBXBuildFile; fileRef = 84422AC4162A87FF0077E6D5 /* CoreGraphics.framework */; };
		84422ACB162A87FF0077E6D5 /* InfoPlist.strings in Resources */ = {isa = PBXBuildFile; fileRef = 84422AC9162A87FF0077E6D5 /* InfoPlist.strings */; };
		84422ACD162A87FF0077E6D5 /* main.m in Sources */ = {isa = PBXBuildFile; fileRef = 84422ACC162A87FF0077E6D5 /* main.m */; };
		84422AD1162A87FF0077E6D5 /* AppDelegate.m in Sources */ = {isa = PBXBuildFile; fileRef = 84422AD0162A87FF0077E6D5 /* AppDelegate.m */; };
		84422ADA162A87FF0077E6D5 /* MainStoryboard.storyboard in Resources */ = {isa = PBXBuildFile; fileRef = 84422AD8162A87FF0077E6D5 /* MainStoryboard.storyboard */; };
		84422ADD162A87FF0077E6D5 /* EditPhotoViewController.m in Sources */ = {isa = PBXBuildFile; fileRef = 84422ADC162A87FF0077E6D5 /* EditPhotoViewController.m */; };
		84422AE6162A88360077E6D5 /* Default-568h@2x.png in Resources */ = {isa = PBXBuildFile; fileRef = 84422AE3162A88360077E6D5 /* Default-568h@2x.png */; };
		84422AE7162A88360077E6D5 /* Default.png in Resources */ = {isa = PBXBuildFile; fileRef = 84422AE4162A88360077E6D5 /* Default.png */; };
		84422AE8162A88360077E6D5 /* Default@2x.png in Resources */ = {isa = PBXBuildFile; fileRef = 84422AE5162A88360077E6D5 /* Default@2x.png */; };
		8476F4D61632F26800AEF3AE /* libAviarySDK.a in Frameworks */ = {isa = PBXBuildFile; fileRef = 8476F4D31632F26800AEF3AE /* libAviarySDK.a */; };
		8476F4D71632F26800AEF3AE /* AviarySDKResources.bundle in Resources */ = {isa = PBXBuildFile; fileRef = 8476F4D51632F26800AEF3AE /* AviarySDKResources.bundle */; };
		8476F4DA1632F28C00AEF3AE /* QuartzCore.framework in Frameworks */ = {isa = PBXBuildFile; fileRef = 8476F4D91632F28C00AEF3AE /* QuartzCore.framework */; };
		8476F4DC1632F29300AEF3AE /* Accelerate.framework in Frameworks */ = {isa = PBXBuildFile; fileRef = 8476F4DB1632F29300AEF3AE /* Accelerate.framework */; };
		8476F4DE1632F29900AEF3AE /* StoreKit.framework in Frameworks */ = {isa = PBXBuildFile; fileRef = 8476F4DD1632F29900AEF3AE /* StoreKit.framework */; };
		8476F4E01632F2A000AEF3AE /* libz.1.2.5.dylib in Frameworks */ = {isa = PBXBuildFile; fileRef = 8476F4DF1632F2A000AEF3AE /* libz.1.2.5.dylib */; };
		8476F4E21632F2A700AEF3AE /* libsqlite3.0.dylib in Frameworks */ = {isa = PBXBuildFile; fileRef = 8476F4E11632F2A700AEF3AE /* libsqlite3.0.dylib */; };
		8476F4E41632F2AD00AEF3AE /* CoreData.framework in Frameworks */ = {isa = PBXBuildFile; fileRef = 8476F4E31632F2AD00AEF3AE /* CoreData.framework */; };
		8476F4E71632F35100AEF3AE /* AFSubPhotoEditorViewController.m in Sources */ = {isa = PBXBuildFile; fileRef = 8476F4E61632F35100AEF3AE /* AFSubPhotoEditorViewController.m */; };
		8476F4E91632F72000AEF3AE /* AssetsLibrary.framework in Frameworks */ = {isa = PBXBuildFile; fileRef = 8476F4E81632F72000AEF3AE /* AssetsLibrary.framework */; };
		8476F4F3163302FE00AEF3AE /* Social.framework in Frameworks */ = {isa = PBXBuildFile; fileRef = 8476F4F2163302FE00AEF3AE /* Social.framework */; };
		8496900C163390FB004A558F /* TwitterManager.m in Sources */ = {isa = PBXBuildFile; fileRef = 8496900B163390FB004A558F /* TwitterManager.m */; };
		8496900F16339421004A558F /* Accounts.framework in Frameworks */ = {isa = PBXBuildFile; fileRef = 8496900E16339421004A558F /* Accounts.framework */; };
		84969017163395E3004A558F /* Metadata.m in Sources */ = {isa = PBXBuildFile; fileRef = 84969012163395E3004A558F /* Metadata.m */; };
		84969018163395E3004A558F /* Results.m in Sources */ = {isa = PBXBuildFile; fileRef = 84969014163395E3004A558F /* Results.m */; };
		84969019163395E3004A558F /* TweetObject.m in Sources */ = {isa = PBXBuildFile; fileRef = 84969016163395E3004A558F /* TweetObject.m */; };
		84CE05F61632C91400271541 /* backbutton.png in Resources */ = {isa = PBXBuildFile; fileRef = 84CE05E01632C91400271541 /* backbutton.png */; };
		84CE05F71632C91400271541 /* backbutton@2x.png in Resources */ = {isa = PBXBuildFile; fileRef = 84CE05E11632C91400271541 /* backbutton@2x.png */; };
		84CE05F81632C91400271541 /* barbutton.png in Resources */ = {isa = PBXBuildFile; fileRef = 84CE05E21632C91400271541 /* barbutton.png */; };
		84CE05F91632C91400271541 /* barbutton@2x.png in Resources */ = {isa = PBXBuildFile; fileRef = 84CE05E31632C91400271541 /* barbutton@2x.png */; };
		84CE05FA1632C91400271541 /* Camera.png in Resources */ = {isa = PBXBuildFile; fileRef = 84CE05E41632C91400271541 /* Camera.png */; };
		84CE05FB1632C91400271541 /* Camera@2x.png in Resources */ = {isa = PBXBuildFile; fileRef = 84CE05E51632C91400271541 /* Camera@2x.png */; };
		84CE05FC1632C91400271541 /* edit_background.png in Resources */ = {isa = PBXBuildFile; fileRef = 84CE05E61632C91400271541 /* edit_background.png */; };
		84CE05FD1632C91400271541 /* edit_background@2x.png in Resources */ = {isa = PBXBuildFile; fileRef = 84CE05E71632C91400271541 /* edit_background@2x.png */; };
		84CE05FE1632C91400271541 /* edit_photo-active.png in Resources */ = {isa = PBXBuildFile; fileRef = 84CE05E81632C91400271541 /* edit_photo-active.png */; };
		84CE05FF1632C91400271541 /* edit_photo-active@2x.png in Resources */ = {isa = PBXBuildFile; fileRef = 84CE05E91632C91400271541 /* edit_photo-active@2x.png */; };
		84CE06001632C91400271541 /* edit_photo-inactive.png in Resources */ = {isa = PBXBuildFile; fileRef = 84CE05EA1632C91400271541 /* edit_photo-inactive.png */; };
		84CE06011632C91400271541 /* edit_photo-inactive@2x.png in Resources */ = {isa = PBXBuildFile; fileRef = 84CE05EB1632C91400271541 /* edit_photo-inactive@2x.png */; };
		84CE06021632C91400271541 /* explore-active.png in Resources */ = {isa = PBXBuildFile; fileRef = 84CE05EC1632C91400271541 /* explore-active.png */; };
		84CE06031632C91400271541 /* explore-active@2x.png in Resources */ = {isa = PBXBuildFile; fileRef = 84CE05ED1632C91400271541 /* explore-active@2x.png */; };
		84CE06041632C91400271541 /* explore-inactive.png in Resources */ = {isa = PBXBuildFile; fileRef = 84CE05EE1632C91400271541 /* explore-inactive.png */; };
		84CE06051632C91400271541 /* explore-inactive@2x.png in Resources */ = {isa = PBXBuildFile; fileRef = 84CE05EF1632C91400271541 /* explore-inactive@2x.png */; };
		84CE06061632C91400271541 /* navbar.png in Resources */ = {isa = PBXBuildFile; fileRef = 84CE05F01632C91400271541 /* navbar.png */; };
		84CE06071632C91400271541 /* navbar@2x.png in Resources */ = {isa = PBXBuildFile; fileRef = 84CE05F11632C91400271541 /* navbar@2x.png */; };
		84CE06081632C91400271541 /* PhotoAblum.png in Resources */ = {isa = PBXBuildFile; fileRef = 84CE05F21632C91400271541 /* PhotoAblum.png */; };
		84CE06091632C91400271541 /* PhotoAblum@2x.png in Resources */ = {isa = PBXBuildFile; fileRef = 84CE05F31632C91400271541 /* PhotoAblum@2x.png */; };
		84CE060A1632C91400271541 /* tab-background.png in Resources */ = {isa = PBXBuildFile; fileRef = 84CE05F41632C91400271541 /* tab-background.png */; };
		84CE060B1632C91400271541 /* tab-background@2x.png in Resources */ = {isa = PBXBuildFile; fileRef = 84CE05F51632C91400271541 /* tab-background@2x.png */; };
		84CE061A1632CB3700271541 /* CustomTabBar.m in Sources */ = {isa = PBXBuildFile; fileRef = 84CE06191632CB3700271541 /* CustomTabBar.m */; };
		84CE061F1632CF3400271541 /* Vollkorn-Bold.ttf in Resources */ = {isa = PBXBuildFile; fileRef = 84CE061B1632CF3400271541 /* Vollkorn-Bold.ttf */; };
		84CE06201632CF3400271541 /* Vollkorn-BoldItalic.ttf in Resources */ = {isa = PBXBuildFile; fileRef = 84CE061C1632CF3400271541 /* Vollkorn-BoldItalic.ttf */; };
		84CE06211632CF3400271541 /* Vollkorn-Italic.ttf in Resources */ = {isa = PBXBuildFile; fileRef = 84CE061D1632CF3400271541 /* Vollkorn-Italic.ttf */; };
		84CE06221632CF3400271541 /* Vollkorn-Regular.ttf in Resources */ = {isa = PBXBuildFile; fileRef = 84CE061E1632CF3400271541 /* Vollkorn-Regular.ttf */; };
/* End PBXBuildFile section */

/* Begin PBXFileReference section */
		842486AA16336A3C00EC3C0A /* CoreLocation.framework */ = {isa = PBXFileReference; lastKnownFileType = wrapper.framework; name = CoreLocation.framework; path = System/Library/Frameworks/CoreLocation.framework; sourceTree = SDKROOT; };
		842486AD16336A4000EC3C0A /* MapKit.framework */ = {isa = PBXFileReference; lastKnownFileType = wrapper.framework; name = MapKit.framework; path = System/Library/Frameworks/MapKit.framework; sourceTree = SDKROOT; };
		842486AF163370DA00EC3C0A /* ExploreViewController.h */ = {isa = PBXFileReference; fileEncoding = 4; lastKnownFileType = sourcecode.c.h; path = ExploreViewController.h; sourceTree = "<group>"; };
		842486B0163370DA00EC3C0A /* ExploreViewController.m */ = {isa = PBXFileReference; fileEncoding = 4; lastKnownFileType = sourcecode.c.objc; path = ExploreViewController.m; sourceTree = "<group>"; };
		84422ABC162A87FF0077E6D5 /* InstaFood.app */ = {isa = PBXFileReference; explicitFileType = wrapper.application; includeInIndex = 0; path = InstaFood.app; sourceTree = BUILT_PRODUCTS_DIR; };
		84422AC0162A87FF0077E6D5 /* UIKit.framework */ = {isa = PBXFileReference; lastKnownFileType = wrapper.framework; name = UIKit.framework; path = System/Library/Frameworks/UIKit.framework; sourceTree = SDKROOT; };
		84422AC2162A87FF0077E6D5 /* Foundation.framework */ = {isa = PBXFileReference; lastKnownFileType = wrapper.framework; name = Foundation.framework; path = System/Library/Frameworks/Foundation.framework; sourceTree = SDKROOT; };
		84422AC4162A87FF0077E6D5 /* CoreGraphics.framework */ = {isa = PBXFileReference; lastKnownFileType = wrapper.framework; name = CoreGraphics.framework; path = System/Library/Frameworks/CoreGraphics.framework; sourceTree = SDKROOT; };
		84422AC8162A87FF0077E6D5 /* InstaFood-Info.plist */ = {isa = PBXFileReference; lastKnownFileType = text.plist.xml; path = "InstaFood-Info.plist"; sourceTree = "<group>"; };
		84422ACA162A87FF0077E6D5 /* en */ = {isa = PBXFileReference; lastKnownFileType = text.plist.strings; name = en; path = en.lproj/InfoPlist.strings; sourceTree = "<group>"; };
		84422ACC162A87FF0077E6D5 /* main.m */ = {isa = PBXFileReference; lastKnownFileType = sourcecode.c.objc; path = main.m; sourceTree = "<group>"; };
		84422ACE162A87FF0077E6D5 /* InstaFood-Prefix.pch */ = {isa = PBXFileReference; lastKnownFileType = sourcecode.c.h; path = "InstaFood-Prefix.pch"; sourceTree = "<group>"; };
		84422ACF162A87FF0077E6D5 /* AppDelegate.h */ = {isa = PBXFileReference; lastKnownFileType = sourcecode.c.h; path = AppDelegate.h; sourceTree = "<group>"; };
		84422AD0162A87FF0077E6D5 /* AppDelegate.m */ = {isa = PBXFileReference; lastKnownFileType = sourcecode.c.objc; path = AppDelegate.m; sourceTree = "<group>"; };
		84422AD9162A87FF0077E6D5 /* en */ = {isa = PBXFileReference; lastKnownFileType = file.storyboard; name = en; path = en.lproj/MainStoryboard.storyboard; sourceTree = "<group>"; };
		84422ADB162A87FF0077E6D5 /* EditPhotoViewController.h */ = {isa = PBXFileReference; lastKnownFileType = sourcecode.c.h; path = EditPhotoViewController.h; sourceTree = "<group>"; };
		84422ADC162A87FF0077E6D5 /* EditPhotoViewController.m */ = {isa = PBXFileReference; lastKnownFileType = sourcecode.c.objc; path = EditPhotoViewController.m; sourceTree = "<group>"; };
		84422AE3162A88360077E6D5 /* Default-568h@2x.png */ = {isa = PBXFileReference; lastKnownFileType = image.png; path = "Default-568h@2x.png"; sourceTree = "<group>"; };
		84422AE4162A88360077E6D5 /* Default.png */ = {isa = PBXFileReference; lastKnownFileType = image.png; path = Default.png; sourceTree = "<group>"; };
		84422AE5162A88360077E6D5 /* Default@2x.png */ = {isa = PBXFileReference; lastKnownFileType = image.png; path = "Default@2x.png"; sourceTree = "<group>"; };
		8476F4CE1632F26800AEF3AE /* AFPhotoEditorContext.h */ = {isa = PBXFileReference; fileEncoding = 4; lastKnownFileType = sourcecode.c.h; path = AFPhotoEditorContext.h; sourceTree = "<group>"; };
		8476F4CF1632F26800AEF3AE /* AFPhotoEditorController.h */ = {isa = PBXFileReference; fileEncoding = 4; lastKnownFileType = sourcecode.c.h; path = AFPhotoEditorController.h; sourceTree = "<group>"; };
		8476F4D01632F26800AEF3AE /* AFPhotoEditorControllerOptions.h */ = {isa = PBXFileReference; fileEncoding = 4; lastKnownFileType = sourcecode.c.h; path = AFPhotoEditorControllerOptions.h; sourceTree = "<group>"; };
		8476F4D11632F26800AEF3AE /* AFPhotoEditorSession.h */ = {isa = PBXFileReference; fileEncoding = 4; lastKnownFileType = sourcecode.c.h; path = AFPhotoEditorSession.h; sourceTree = "<group>"; };
		8476F4D21632F26800AEF3AE /* AFPhotoEditorStyle.h */ = {isa = PBXFileReference; fileEncoding = 4; lastKnownFileType = sourcecode.c.h; path = AFPhotoEditorStyle.h; sourceTree = "<group>"; };
		8476F4D31632F26800AEF3AE /* libAviarySDK.a */ = {isa = PBXFileReference; lastKnownFileType = archive.ar; path = libAviarySDK.a; sourceTree = "<group>"; };
		8476F4D51632F26800AEF3AE /* AviarySDKResources.bundle */ = {isa = PBXFileReference; lastKnownFileType = "wrapper.plug-in"; path = AviarySDKResources.bundle; sourceTree = "<group>"; };
		8476F4D91632F28C00AEF3AE /* QuartzCore.framework */ = {isa = PBXFileReference; lastKnownFileType = wrapper.framework; name = QuartzCore.framework; path = System/Library/Frameworks/QuartzCore.framework; sourceTree = SDKROOT; };
		8476F4DB1632F29300AEF3AE /* Accelerate.framework */ = {isa = PBXFileReference; lastKnownFileType = wrapper.framework; name = Accelerate.framework; path = System/Library/Frameworks/Accelerate.framework; sourceTree = SDKROOT; };
		8476F4DD1632F29900AEF3AE /* StoreKit.framework */ = {isa = PBXFileReference; lastKnownFileType = wrapper.framework; name = StoreKit.framework; path = System/Library/Frameworks/StoreKit.framework; sourceTree = SDKROOT; };
		8476F4DF1632F2A000AEF3AE /* libz.1.2.5.dylib */ = {isa = PBXFileReference; lastKnownFileType = "compiled.mach-o.dylib"; name = libz.1.2.5.dylib; path = usr/lib/libz.1.2.5.dylib; sourceTree = SDKROOT; };
		8476F4E11632F2A700AEF3AE /* libsqlite3.0.dylib */ = {isa = PBXFileReference; lastKnownFileType = "compiled.mach-o.dylib"; name = libsqlite3.0.dylib; path = usr/lib/libsqlite3.0.dylib; sourceTree = SDKROOT; };
		8476F4E31632F2AD00AEF3AE /* CoreData.framework */ = {isa = PBXFileReference; lastKnownFileType = wrapper.framework; name = CoreData.framework; path = System/Library/Frameworks/CoreData.framework; sourceTree = SDKROOT; };
		8476F4E51632F35100AEF3AE /* AFSubPhotoEditorViewController.h */ = {isa = PBXFileReference; fileEncoding = 4; lastKnownFileType = sourcecode.c.h; path = AFSubPhotoEditorViewController.h; sourceTree = "<group>"; };
		8476F4E61632F35100AEF3AE /* AFSubPhotoEditorViewController.m */ = {isa = PBXFileReference; fileEncoding = 4; lastKnownFileType = sourcecode.c.objc; path = AFSubPhotoEditorViewController.m; sourceTree = "<group>"; };
		8476F4E81632F72000AEF3AE /* AssetsLibrary.framework */ = {isa = PBXFileReference; lastKnownFileType = wrapper.framework; name = AssetsLibrary.framework; path = System/Library/Frameworks/AssetsLibrary.framework; sourceTree = SDKROOT; };
		8476F4F2163302FE00AEF3AE /* Social.framework */ = {isa = PBXFileReference; lastKnownFileType = wrapper.framework; name = Social.framework; path = System/Library/Frameworks/Social.framework; sourceTree = SDKROOT; };
		8496900A163390FB004A558F /* TwitterManager.h */ = {isa = PBXFileReference; fileEncoding = 4; lastKnownFileType = sourcecode.c.h; path = TwitterManager.h; sourceTree = "<group>"; };
		8496900B163390FB004A558F /* TwitterManager.m */ = {isa = PBXFileReference; fileEncoding = 4; lastKnownFileType = sourcecode.c.objc; path = TwitterManager.m; sourceTree = "<group>"; };
		8496900E16339421004A558F /* Accounts.framework */ = {isa = PBXFileReference; lastKnownFileType = wrapper.framework; name = Accounts.framework; path = System/Library/Frameworks/Accounts.framework; sourceTree = SDKROOT; };
		84969011163395E3004A558F /* Metadata.h */ = {isa = PBXFileReference; fileEncoding = 4; lastKnownFileType = sourcecode.c.h; path = Metadata.h; sourceTree = "<group>"; };
		84969012163395E3004A558F /* Metadata.m */ = {isa = PBXFileReference; fileEncoding = 4; lastKnownFileType = sourcecode.c.objc; path = Metadata.m; sourceTree = "<group>"; };
		84969013163395E3004A558F /* Results.h */ = {isa = PBXFileReference; fileEncoding = 4; lastKnownFileType = sourcecode.c.h; path = Results.h; sourceTree = "<group>"; };
		84969014163395E3004A558F /* Results.m */ = {isa = PBXFileReference; fileEncoding = 4; lastKnownFileType = sourcecode.c.objc; path = Results.m; sourceTree = "<group>"; };
		84969015163395E3004A558F /* TweetObject.h */ = {isa = PBXFileReference; fileEncoding = 4; lastKnownFileType = sourcecode.c.h; path = TweetObject.h; sourceTree = "<group>"; };
		84969016163395E3004A558F /* TweetObject.m */ = {isa = PBXFileReference; fileEncoding = 4; lastKnownFileType = sourcecode.c.objc; path = TweetObject.m; sourceTree = "<group>"; };
		84CE05E01632C91400271541 /* backbutton.png */ = {isa = PBXFileReference; lastKnownFileType = image.png; path = backbutton.png; sourceTree = "<group>"; };
		84CE05E11632C91400271541 /* backbutton@2x.png */ = {isa = PBXFileReference; lastKnownFileType = image.png; path = "backbutton@2x.png"; sourceTree = "<group>"; };
		84CE05E21632C91400271541 /* barbutton.png */ = {isa = PBXFileReference; lastKnownFileType = image.png; path = barbutton.png; sourceTree = "<group>"; };
		84CE05E31632C91400271541 /* barbutton@2x.png */ = {isa = PBXFileReference; lastKnownFileType = image.png; path = "barbutton@2x.png"; sourceTree = "<group>"; };
		84CE05E41632C91400271541 /* Camera.png */ = {isa = PBXFileReference; lastKnownFileType = image.png; path = Camera.png; sourceTree = "<group>"; };
		84CE05E51632C91400271541 /* Camera@2x.png */ = {isa = PBXFileReference; lastKnownFileType = image.png; path = "Camera@2x.png"; sourceTree = "<group>"; };
		84CE05E61632C91400271541 /* edit_background.png */ = {isa = PBXFileReference; lastKnownFileType = image.png; path = edit_background.png; sourceTree = "<group>"; };
		84CE05E71632C91400271541 /* edit_background@2x.png */ = {isa = PBXFileReference; lastKnownFileType = image.png; path = "edit_background@2x.png"; sourceTree = "<group>"; };
		84CE05E81632C91400271541 /* edit_photo-active.png */ = {isa = PBXFileReference; lastKnownFileType = image.png; path = "edit_photo-active.png"; sourceTree = "<group>"; };
		84CE05E91632C91400271541 /* edit_photo-active@2x.png */ = {isa = PBXFileReference; lastKnownFileType = image.png; path = "edit_photo-active@2x.png"; sourceTree = "<group>"; };
		84CE05EA1632C91400271541 /* edit_photo-inactive.png */ = {isa = PBXFileReference; lastKnownFileType = image.png; path = "edit_photo-inactive.png"; sourceTree = "<group>"; };
		84CE05EB1632C91400271541 /* edit_photo-inactive@2x.png */ = {isa = PBXFileReference; lastKnownFileType = image.png; path = "edit_photo-inactive@2x.png"; sourceTree = "<group>"; };
		84CE05EC1632C91400271541 /* explore-active.png */ = {isa = PBXFileReference; lastKnownFileType = image.png; path = "explore-active.png"; sourceTree = "<group>"; };
		84CE05ED1632C91400271541 /* explore-active@2x.png */ = {isa = PBXFileReference; lastKnownFileType = image.png; path = "explore-active@2x.png"; sourceTree = "<group>"; };
		84CE05EE1632C91400271541 /* explore-inactive.png */ = {isa = PBXFileReference; lastKnownFileType = image.png; path = "explore-inactive.png"; sourceTree = "<group>"; };
		84CE05EF1632C91400271541 /* explore-inactive@2x.png */ = {isa = PBXFileReference; lastKnownFileType = image.png; path = "explore-inactive@2x.png"; sourceTree = "<group>"; };
		84CE05F01632C91400271541 /* navbar.png */ = {isa = PBXFileReference; lastKnownFileType = image.png; path = navbar.png; sourceTree = "<group>"; };
		84CE05F11632C91400271541 /* navbar@2x.png */ = {isa = PBXFileReference; lastKnownFileType = image.png; path = "navbar@2x.png"; sourceTree = "<group>"; };
		84CE05F21632C91400271541 /* PhotoAblum.png */ = {isa = PBXFileReference; lastKnownFileType = image.png; path = PhotoAblum.png; sourceTree = "<group>"; };
		84CE05F31632C91400271541 /* PhotoAblum@2x.png */ = {isa = PBXFileReference; lastKnownFileType = image.png; path = "PhotoAblum@2x.png"; sourceTree = "<group>"; };
		84CE05F41632C91400271541 /* tab-background.png */ = {isa = PBXFileReference; lastKnownFileType = image.png; path = "tab-background.png"; sourceTree = "<group>"; };
		84CE05F51632C91400271541 /* tab-background@2x.png */ = {isa = PBXFileReference; lastKnownFileType = image.png; path = "tab-background@2x.png"; sourceTree = "<group>"; };
		84CE06181632CB3700271541 /* CustomTabBar.h */ = {isa = PBXFileReference; fileEncoding = 4; lastKnownFileType = sourcecode.c.h; path = CustomTabBar.h; sourceTree = "<group>"; };
		84CE06191632CB3700271541 /* CustomTabBar.m */ = {isa = PBXFileReference; fileEncoding = 4; lastKnownFileType = sourcecode.c.objc; path = CustomTabBar.m; sourceTree = "<group>"; };
		84CE061B1632CF3400271541 /* Vollkorn-Bold.ttf */ = {isa = PBXFileReference; lastKnownFileType = file; path = "Vollkorn-Bold.ttf"; sourceTree = "<group>"; };
		84CE061C1632CF3400271541 /* Vollkorn-BoldItalic.ttf */ = {isa = PBXFileReference; lastKnownFileType = file; path = "Vollkorn-BoldItalic.ttf"; sourceTree = "<group>"; };
		84CE061D1632CF3400271541 /* Vollkorn-Italic.ttf */ = {isa = PBXFileReference; lastKnownFileType = file; path = "Vollkorn-Italic.ttf"; sourceTree = "<group>"; };
		84CE061E1632CF3400271541 /* Vollkorn-Regular.ttf */ = {isa = PBXFileReference; lastKnownFileType = file; path = "Vollkorn-Regular.ttf"; sourceTree = "<group>"; };
/* End PBXFileReference section */

/* Begin PBXFrameworksBuildPhase section */
		84422AB9162A87FF0077E6D5 /* Frameworks */ = {
			isa = PBXFrameworksBuildPhase;
			buildActionMask = 2147483647;
			files = (
				8496900F16339421004A558F /* Accounts.framework in Frameworks */,
				842486AE16336A4100EC3C0A /* MapKit.framework in Frameworks */,
				842486AB16336A3C00EC3C0A /* CoreLocation.framework in Frameworks */,
				8476F4F3163302FE00AEF3AE /* Social.framework in Frameworks */,
				8476F4E91632F72000AEF3AE /* AssetsLibrary.framework in Frameworks */,
				8476F4E41632F2AD00AEF3AE /* CoreData.framework in Frameworks */,
				8476F4E21632F2A700AEF3AE /* libsqlite3.0.dylib in Frameworks */,
				8476F4E01632F2A000AEF3AE /* libz.1.2.5.dylib in Frameworks */,
				8476F4DE1632F29900AEF3AE /* StoreKit.framework in Frameworks */,
				8476F4DC1632F29300AEF3AE /* Accelerate.framework in Frameworks */,
				8476F4DA1632F28C00AEF3AE /* QuartzCore.framework in Frameworks */,
				84422AC1162A87FF0077E6D5 /* UIKit.framework in Frameworks */,
				84422AC3162A87FF0077E6D5 /* Foundation.framework in Frameworks */,
				84422AC5162A87FF0077E6D5 /* CoreGraphics.framework in Frameworks */,
				8476F4D61632F26800AEF3AE /* libAviarySDK.a in Frameworks */,
			);
			runOnlyForDeploymentPostprocessing = 0;
		};
/* End PBXFrameworksBuildPhase section */

/* Begin PBXGroup section */
		84422AB1162A87FF0077E6D5 = {
			isa = PBXGroup;
			children = (
				84422AC6162A87FF0077E6D5 /* InstaFood */,
				84422ABF162A87FF0077E6D5 /* Frameworks */,
				84422ABD162A87FF0077E6D5 /* Products */,
			);
			sourceTree = "<group>";
		};
		84422ABD162A87FF0077E6D5 /* Products */ = {
			isa = PBXGroup;
			children = (
				84422ABC162A87FF0077E6D5 /* InstaFood.app */,
			);
			name = Products;
			sourceTree = "<group>";
		};
		84422ABF162A87FF0077E6D5 /* Frameworks */ = {
			isa = PBXGroup;
			children = (
				8496900E16339421004A558F /* Accounts.framework */,
				842486AD16336A4000EC3C0A /* MapKit.framework */,
				842486AA16336A3C00EC3C0A /* CoreLocation.framework */,
				8476F4F2163302FE00AEF3AE /* Social.framework */,
				8476F4E81632F72000AEF3AE /* AssetsLibrary.framework */,
				8476F4E31632F2AD00AEF3AE /* CoreData.framework */,
				8476F4E11632F2A700AEF3AE /* libsqlite3.0.dylib */,
				8476F4DF1632F2A000AEF3AE /* libz.1.2.5.dylib */,
				8476F4DD1632F29900AEF3AE /* StoreKit.framework */,
				8476F4DB1632F29300AEF3AE /* Accelerate.framework */,
				8476F4D91632F28C00AEF3AE /* QuartzCore.framework */,
				84422AC0162A87FF0077E6D5 /* UIKit.framework */,
				84422AC2162A87FF0077E6D5 /* Foundation.framework */,
				84422AC4162A87FF0077E6D5 /* CoreGraphics.framework */,
			);
			name = Frameworks;
			sourceTree = "<group>";
		};
		84422AC6162A87FF0077E6D5 /* InstaFood */ = {
			isa = PBXGroup;
			children = (
				8476F4CC1632F26800AEF3AE /* AviarySDK */,
				84422ACF162A87FF0077E6D5 /* AppDelegate.h */,
				84422AD0162A87FF0077E6D5 /* AppDelegate.m */,
				8496900A163390FB004A558F /* TwitterManager.h */,
				8496900B163390FB004A558F /* TwitterManager.m */,
				84422AD8162A87FF0077E6D5 /* MainStoryboard.storyboard */,
				84CE06181632CB3700271541 /* CustomTabBar.h */,
				84CE06191632CB3700271541 /* CustomTabBar.m */,
				84422ADB162A87FF0077E6D5 /* EditPhotoViewController.h */,
				84422ADC162A87FF0077E6D5 /* EditPhotoViewController.m */,
				8476F4E51632F35100AEF3AE /* AFSubPhotoEditorViewController.h */,
				8476F4E61632F35100AEF3AE /* AFSubPhotoEditorViewController.m */,
				842486AF163370DA00EC3C0A /* ExploreViewController.h */,
				842486B0163370DA00EC3C0A /* ExploreViewController.m */,
				84969010163395D4004A558F /* Objects */,
				84422AC7162A87FF0077E6D5 /* Supporting Files */,
			);
			path = InstaFood;
			sourceTree = "<group>";
		};
		84422AC7162A87FF0077E6D5 /* Supporting Files */ = {
			isa = PBXGroup;
			children = (
				84CE061B1632CF3400271541 /* Vollkorn-Bold.ttf */,
				84CE061C1632CF3400271541 /* Vollkorn-BoldItalic.ttf */,
				84CE061D1632CF3400271541 /* Vollkorn-Italic.ttf */,
				84CE061E1632CF3400271541 /* Vollkorn-Regular.ttf */,
				84CE05DF1632C91400271541 /* Images */,
				84422AE3162A88360077E6D5 /* Default-568h@2x.png */,
				84422AE4162A88360077E6D5 /* Default.png */,
				84422AE5162A88360077E6D5 /* Default@2x.png */,
				84422AC8162A87FF0077E6D5 /* InstaFood-Info.plist */,
				84422AC9162A87FF0077E6D5 /* InfoPlist.strings */,
				84422ACC162A87FF0077E6D5 /* main.m */,
				84422ACE162A87FF0077E6D5 /* InstaFood-Prefix.pch */,
			);
			name = "Supporting Files";
			sourceTree = "<group>";
		};
		8476F4CC1632F26800AEF3AE /* AviarySDK */ = {
			isa = PBXGroup;
			children = (
				8476F4CD1632F26800AEF3AE /* Headers */,
				8476F4D31632F26800AEF3AE /* libAviarySDK.a */,
				8476F4D41632F26800AEF3AE /* Resources */,
			);
			name = AviarySDK;
			path = "Mobile-Feather-SDK-for-iOS/AviarySDK";
			sourceTree = SOURCE_ROOT;
		};
		8476F4CD1632F26800AEF3AE /* Headers */ = {
			isa = PBXGroup;
			children = (
				8476F4CE1632F26800AEF3AE /* AFPhotoEditorContext.h */,
				8476F4CF1632F26800AEF3AE /* AFPhotoEditorController.h */,
				8476F4D01632F26800AEF3AE /* AFPhotoEditorControllerOptions.h */,
				8476F4D11632F26800AEF3AE /* AFPhotoEditorSession.h */,
				8476F4D21632F26800AEF3AE /* AFPhotoEditorStyle.h */,
			);
			path = Headers;
			sourceTree = "<group>";
		};
		8476F4D41632F26800AEF3AE /* Resources */ = {
			isa = PBXGroup;
			children = (
				8476F4D51632F26800AEF3AE /* AviarySDKResources.bundle */,
			);
			path = Resources;
			sourceTree = "<group>";
		};
		84969010163395D4004A558F /* Objects */ = {
			isa = PBXGroup;
			children = (
				84969011163395E3004A558F /* Metadata.h */,
				84969012163395E3004A558F /* Metadata.m */,
				84969013163395E3004A558F /* Results.h */,
				84969014163395E3004A558F /* Results.m */,
				84969015163395E3004A558F /* TweetObject.h */,
				84969016163395E3004A558F /* TweetObject.m */,
			);
			name = Objects;
			sourceTree = "<group>";
		};
		84CE05DF1632C91400271541 /* Images */ = {
			isa = PBXGroup;
			children = (
				84CE05E01632C91400271541 /* backbutton.png */,
				84CE05E11632C91400271541 /* backbutton@2x.png */,
				84CE05E21632C91400271541 /* barbutton.png */,
				84CE05E31632C91400271541 /* barbutton@2x.png */,
				84CE05E41632C91400271541 /* Camera.png */,
				84CE05E51632C91400271541 /* Camera@2x.png */,
				84CE05E61632C91400271541 /* edit_background.png */,
				84CE05E71632C91400271541 /* edit_background@2x.png */,
				84CE05E81632C91400271541 /* edit_photo-active.png */,
				84CE05E91632C91400271541 /* edit_photo-active@2x.png */,
				84CE05EA1632C91400271541 /* edit_photo-inactive.png */,
				84CE05EB1632C91400271541 /* edit_photo-inactive@2x.png */,
				84CE05EC1632C91400271541 /* explore-active.png */,
				84CE05ED1632C91400271541 /* explore-active@2x.png */,
				84CE05EE1632C91400271541 /* explore-inactive.png */,
				84CE05EF1632C91400271541 /* explore-inactive@2x.png */,
				84CE05F01632C91400271541 /* navbar.png */,
				84CE05F11632C91400271541 /* navbar@2x.png */,
				84CE05F21632C91400271541 /* PhotoAblum.png */,
				84CE05F31632C91400271541 /* PhotoAblum@2x.png */,
				84CE05F41632C91400271541 /* tab-background.png */,
				84CE05F51632C91400271541 /* tab-background@2x.png */,
			);
			path = Images;
			sourceTree = "<group>";
		};
/* End PBXGroup section */

/* Begin PBXNativeTarget section */
		84422ABB162A87FF0077E6D5 /* InstaFood */ = {
			isa = PBXNativeTarget;
			buildConfigurationList = 84422AE0162A87FF0077E6D5 /* Build configuration list for PBXNativeTarget "InstaFood" */;
			buildPhases = (
				84422AB8162A87FF0077E6D5 /* Sources */,
				84422AB9162A87FF0077E6D5 /* Frameworks */,
				84422ABA162A87FF0077E6D5 /* Resources */,
			);
			buildRules = (
			);
			dependencies = (
			);
			name = InstaFood;
			productName = InstaFood;
			productReference = 84422ABC162A87FF0077E6D5 /* InstaFood.app */;
			productType = "com.apple.product-type.application";
		};
/* End PBXNativeTarget section */

/* Begin PBXProject section */
		84422AB3162A87FF0077E6D5 /* Project object */ = {
			isa = PBXProject;
			attributes = {
				LastUpgradeCheck = 0450;
				ORGANIZATIONNAME = MagicDev;
			};
			buildConfigurationList = 84422AB6162A87FF0077E6D5 /* Build configuration list for PBXProject "InstaFood" */;
			compatibilityVersion = "Xcode 3.2";
			developmentRegion = English;
			hasScannedForEncodings = 0;
			knownRegions = (
				en,
			);
			mainGroup = 84422AB1162A87FF0077E6D5;
			productRefGroup = 84422ABD162A87FF0077E6D5 /* Products */;
			projectDirPath = "";
			projectRoot = "";
			targets = (
				84422ABB162A87FF0077E6D5 /* InstaFood */,
			);
		};
/* End PBXProject section */

/* Begin PBXResourcesBuildPhase section */
		84422ABA162A87FF0077E6D5 /* Resources */ = {
			isa = PBXResourcesBuildPhase;
			buildActionMask = 2147483647;
			files = (
				84422ACB162A87FF0077E6D5 /* InfoPlist.strings in Resources */,
				84422ADA162A87FF0077E6D5 /* MainStoryboard.storyboard in Resources */,
				84422AE6162A88360077E6D5 /* Default-568h@2x.png in Resources */,
				84422AE7162A88360077E6D5 /* Default.png in Resources */,
				84422AE8162A88360077E6D5 /* Default@2x.png in Resources */,
				84CE05F61632C91400271541 /* backbutton.png in Resources */,
				84CE05F71632C91400271541 /* backbutton@2x.png in Resources */,
				84CE05F81632C91400271541 /* barbutton.png in Resources */,
				84CE05F91632C91400271541 /* barbutton@2x.png in Resources */,
				84CE05FA1632C91400271541 /* Camera.png in Resources */,
				84CE05FB1632C91400271541 /* Camera@2x.png in Resources */,
				84CE05FC1632C91400271541 /* edit_background.png in Resources */,
				84CE05FD1632C91400271541 /* edit_background@2x.png in Resources */,
				84CE05FE1632C91400271541 /* edit_photo-active.png in Resources */,
				84CE05FF1632C91400271541 /* edit_photo-active@2x.png in Resources */,
				84CE06001632C91400271541 /* edit_photo-inactive.png in Resources */,
				84CE06011632C91400271541 /* edit_photo-inactive@2x.png in Resources */,
				84CE06021632C91400271541 /* explore-active.png in Resources */,
				84CE06031632C91400271541 /* explore-active@2x.png in Resources */,
				84CE06041632C91400271541 /* explore-inactive.png in Resources */,
				84CE06051632C91400271541 /* explore-inactive@2x.png in Resources */,
				84CE06061632C91400271541 /* navbar.png in Resources */,
				84CE06071632C91400271541 /* navbar@2x.png in Resources */,
				84CE06081632C91400271541 /* PhotoAblum.png in Resources */,
				84CE06091632C91400271541 /* PhotoAblum@2x.png in Resources */,
				84CE060A1632C91400271541 /* tab-background.png in Resources */,
				84CE060B1632C91400271541 /* tab-background@2x.png in Resources */,
				84CE061F1632CF3400271541 /* Vollkorn-Bold.ttf in Resources */,
				84CE06201632CF3400271541 /* Vollkorn-BoldItalic.ttf in Resources */,
				84CE06211632CF3400271541 /* Vollkorn-Italic.ttf in Resources */,
				84CE06221632CF3400271541 /* Vollkorn-Regular.ttf in Resources */,
				8476F4D71632F26800AEF3AE /* AviarySDKResources.bundle in Resources */,
			);
			runOnlyForDeploymentPostprocessing = 0;
		};
/* End PBXResourcesBuildPhase section */

/* Begin PBXSourcesBuildPhase section */
		84422AB8162A87FF0077E6D5 /* Sources */ = {
			isa = PBXSourcesBuildPhase;
			buildActionMask = 2147483647;
			files = (
				84422ACD162A87FF0077E6D5 /* main.m in Sources */,
				84422AD1162A87FF0077E6D5 /* AppDelegate.m in Sources */,
				84422ADD162A87FF0077E6D5 /* EditPhotoViewController.m in Sources */,
				84CE061A1632CB3700271541 /* CustomTabBar.m in Sources */,
				8476F4E71632F35100AEF3AE /* AFSubPhotoEditorViewController.m in Sources */,
				842486B1163370DA00EC3C0A /* ExploreViewController.m in Sources */,
				8496900C163390FB004A558F /* TwitterManager.m in Sources */,
				84969017163395E3004A558F /* Metadata.m in Sources */,
				84969018163395E3004A558F /* Results.m in Sources */,
				84969019163395E3004A558F /* TweetObject.m in Sources */,
			);
			runOnlyForDeploymentPostprocessing = 0;
		};
/* End PBXSourcesBuildPhase section */

/* Begin PBXVariantGroup section */
		84422AC9162A87FF0077E6D5 /* InfoPlist.strings */ = {
			isa = PBXVariantGroup;
			children = (
				84422ACA162A87FF0077E6D5 /* en */,
			);
			name = InfoPlist.strings;
			sourceTree = "<group>";
		};
		84422AD8162A87FF0077E6D5 /* MainStoryboard.storyboard */ = {
			isa = PBXVariantGroup;
			children = (
				84422AD9162A87FF0077E6D5 /* en */,
			);
			name = MainStoryboard.storyboard;
			sourceTree = "<group>";
		};
/* End PBXVariantGroup section */

/* Begin XCBuildConfiguration section */
		84422ADE162A87FF0077E6D5 /* Debug */ = {
			isa = XCBuildConfiguration;
			buildSettings = {
				ALWAYS_SEARCH_USER_PATHS = NO;
				CLANG_CXX_LANGUAGE_STANDARD = "gnu++0x";
				CLANG_CXX_LIBRARY = "libc++";
				CLANG_ENABLE_OBJC_ARC = YES;
				CLANG_WARN_EMPTY_BODY = YES;
				CLANG_WARN__DUPLICATE_METHOD_MATCH = YES;
				"CODE_SIGN_IDENTITY[sdk=iphoneos*]" = "iPhone Developer";
				COPY_PHASE_STRIP = NO;
				GCC_C_LANGUAGE_STANDARD = gnu99;
				GCC_DYNAMIC_NO_PIC = NO;
				GCC_OPTIMIZATION_LEVEL = 0;
				GCC_PREPROCESSOR_DEFINITIONS = (
					"DEBUG=1",
					"$(inherited)",
				);
				GCC_SYMBOLS_PRIVATE_EXTERN = NO;
				GCC_WARN_ABOUT_RETURN_TYPE = YES;
				GCC_WARN_UNINITIALIZED_AUTOS = YES;
				GCC_WARN_UNUSED_VARIABLE = YES;
				IPHONEOS_DEPLOYMENT_TARGET = 6.0;
				ONLY_ACTIVE_ARCH = YES;
				SDKROOT = iphoneos;
			};
			name = Debug;
		};
		84422ADF162A87FF0077E6D5 /* Release */ = {
			isa = XCBuildConfiguration;
			buildSettings = {
				ALWAYS_SEARCH_USER_PATHS = NO;
				CLANG_CXX_LANGUAGE_STANDARD = "gnu++0x";
				CLANG_CXX_LIBRARY = "libc++";
				CLANG_ENABLE_OBJC_ARC = YES;
				CLANG_WARN_EMPTY_BODY = YES;
				CLANG_WARN__DUPLICATE_METHOD_MATCH = YES;
				"CODE_SIGN_IDENTITY[sdk=iphoneos*]" = "iPhone Developer";
				COPY_PHASE_STRIP = YES;
				GCC_C_LANGUAGE_STANDARD = gnu99;
				GCC_WARN_ABOUT_RETURN_TYPE = YES;
				GCC_WARN_UNINITIALIZED_AUTOS = YES;
				GCC_WARN_UNUSED_VARIABLE = YES;
				IPHONEOS_DEPLOYMENT_TARGET = 6.0;
				OTHER_CFLAGS = "-DNS_BLOCK_ASSERTIONS=1";
				SDKROOT = iphoneos;
				VALIDATE_PRODUCT = YES;
			};
			name = Release;
		};
		84422AE1162A87FF0077E6D5 /* Debug */ = {
			isa = XCBuildConfiguration;
			buildSettings = {
				GCC_PRECOMPILE_PREFIX_HEADER = YES;
				GCC_PREFIX_HEADER = "InstaFood/InstaFood-Prefix.pch";
				INFOPLIST_FILE = "InstaFood/InstaFood-Info.plist";
				LIBRARY_SEARCH_PATHS = (
					"$(inherited)",
					"\"$(SRCROOT)/Mobile-Feather-SDK-for-iOS/AviarySDK\"",
				);
				OTHER_LDFLAGS = (
					"-ObjC",
					"-all_load",
				);
				PRODUCT_NAME = "$(TARGET_NAME)";
				WRAPPER_EXTENSION = app;
			};
			name = Debug;
		};
		84422AE2162A87FF0077E6D5 /* Release */ = {
			isa = XCBuildConfiguration;
			buildSettings = {
				GCC_PRECOMPILE_PREFIX_HEADER = YES;
				GCC_PREFIX_HEADER = "InstaFood/InstaFood-Prefix.pch";
				INFOPLIST_FILE = "InstaFood/InstaFood-Info.plist";
				LIBRARY_SEARCH_PATHS = (
					"$(inherited)",
					"\"$(SRCROOT)/Mobile-Feather-SDK-for-iOS/AviarySDK\"",
				);
				OTHER_LDFLAGS = (
					"-ObjC",
					"-all_load",
				);
				PRODUCT_NAME = "$(TARGET_NAME)";
				WRAPPER_EXTENSION = app;
			};
			name = Release;
		};
/* End XCBuildConfiguration section */

/* Begin XCConfigurationList section */
		84422AB6162A87FF0077E6D5 /* Build configuration list for PBXProject "InstaFood" */ = {
			isa = XCConfigurationList;
			buildConfigurations = (
				84422ADE162A87FF0077E6D5 /* Debug */,
				84422ADF162A87FF0077E6D5 /* Release */,
			);
			defaultConfigurationIsVisible = 0;
			defaultConfigurationName = Release;
		};
		84422AE0162A87FF0077E6D5 /* Build configuration list for PBXNativeTarget "InstaFood" */ = {
			isa = XCConfigurationList;
			buildConfigurations = (
				84422AE1162A87FF0077E6D5 /* Debug */,
				84422AE2162A87FF0077E6D5 /* Release */,
			);
			defaultConfigurationIsVisible = 0;
			defaultConfigurationName = Release;
		};
/* End XCConfigurationList section */
	};
	rootObject = 84422AB3162A87FF0077E6D5 /* Project object */;
}
