// !$*UTF8*$!
{
	archiveVersion = 1;
	classes = {
	};
	objectVersion = 46;
	objects = {

/* Begin PBXBuildFile section */
		84422AC1162A87FF0077E6D5 /* UIKit.framework in Frameworks */ = {isa = PBXBuildFile; fileRef = 84422AC0162A87FF0077E6D5 /* UIKit.framework */; };
		84422AC3162A87FF0077E6D5 /* Foundation.framework in Frameworks */ = {isa = PBXBuildFile; fileRef = 84422AC2162A87FF0077E6D5 /* Foundation.framework */; };
		84422AC5162A87FF0077E6D5 /* CoreGraphics.framework in Frameworks */ = {isa = PBXBuildFile; fileRef = 84422AC4162A87FF0077E6D5 /* CoreGraphics.framework */; };
		84422ACB162A87FF0077E6D5 /* InfoPlist.strings in Resources */ = {isa = PBXBuildFile; fileRef = 84422AC9162A87FF0077E6D5 /* InfoPlist.strings */; };
		84422ACD162A87FF0077E6D5 /* main.m in Sources */ = {isa = PBXBuildFile; fileRef = 84422ACC162A87FF0077E6D5 /* main.m */; };
		84422AD1162A87FF0077E6D5 /* AppDelegate.m in Sources */ = {isa = PBXBuildFile; fileRef = 84422AD0162A87FF0077E6D5 /* AppDelegate.m */; };
		84422ADA162A87FF0077E6D5 /* MainStoryboard.storyboard in Resources */ = {isa = PBXBuildFile; fileRef = 84422AD8162A87FF0077E6D5 /* MainStoryboard.storyboard */; };
		84422ADD162A87FF0077E6D5 /* ViewController.m in Sources */ = {isa = PBXBuildFile; fileRef = 84422ADC162A87FF0077E6D5 /* ViewController.m */; };
		84422AE6162A88360077E6D5 /* Default-568h@2x.png in Resources */ = {isa = PBXBuildFile; fileRef = 84422AE3162A88360077E6D5 /* Default-568h@2x.png */; };
		84422AE7162A88360077E6D5 /* Default.png in Resources */ = {isa = PBXBuildFile; fileRef = 84422AE4162A88360077E6D5 /* Default.png */; };
		84422AE8162A88360077E6D5 /* Default@2x.png in Resources */ = {isa = PBXBuildFile; fileRef = 84422AE5162A88360077E6D5 /* Default@2x.png */; };
/* End PBXBuildFile section */

/* Begin PBXFileReference section */
		84422ABC162A87FF0077E6D5 /* InstaFood.app */ = {isa = PBXFileReference; explicitFileType = wrapper.application; includeInIndex = 0; path = InstaFood.app; sourceTree = BUILT_PRODUCTS_DIR; };
		84422AC0162A87FF0077E6D5 /* UIKit.framework */ = {isa = PBXFileReference; lastKnownFileType = wrapper.framework; name = UIKit.framework; path = System/Library/Frameworks/UIKit.framework; sourceTree = SDKROOT; };
		84422AC2162A87FF0077E6D5 /* Foundation.framework */ = {isa = PBXFileReference; lastKnownFileType = wrapper.framework; name = Foundation.framework; path = System/Library/Frameworks/Foundation.framework; sourceTree = SDKROOT; };
		84422AC4162A87FF0077E6D5 /* CoreGraphics.framework */ = {isa = PBXFileReference; lastKnownFileType = wrapper.framework; name = CoreGraphics.framework; path = System/Library/Frameworks/CoreGraphics.framework; sourceTree = SDKROOT; };
		84422AC8162A87FF0077E6D5 /* InstaFood-Info.plist */ = {isa = PBXFileReference; lastKnownFileType = text.plist.xml; path = "InstaFood-Info.plist"; sourceTree = "<group>"; };
		84422ACA162A87FF0077E6D5 /* en */ = {isa = PBXFileReference; lastKnownFileType = text.plist.strings; name = en; path = en.lproj/InfoPlist.strings; sourceTree = "<group>"; };
		84422ACC162A87FF0077E6D5 /* main.m */ = {isa = PBXFileReference; lastKnownFileType = sourcecode.c.objc; path = main.m; sourceTree = "<group>"; };
		84422ACE162A87FF0077E6D5 /* InstaFood-Prefix.pch */ = {isa = PBXFileReference; lastKnownFileType = sourcecode.c.h; path = "InstaFood-Prefix.pch"; sourceTree = "<group>"; };
		84422ACF162A87FF0077E6D5 /* AppDelegate.h */ = {isa = PBXFileReference; lastKnownFileType = sourcecode.c.h; path = AppDelegate.h; sourceTree = "<group>"; };
		84422AD0162A87FF0077E6D5 /* AppDelegate.m */ = {isa = PBXFileReference; lastKnownFileType = sourcecode.c.objc; path = AppDelegate.m; sourceTree = "<group>"; };
		84422AD9162A87FF0077E6D5 /* en */ = {isa = PBXFileReference; lastKnownFileType = file.storyboard; name = en; path = en.lproj/MainStoryboard.storyboard; sourceTree = "<group>"; };
		84422ADB162A87FF0077E6D5 /* ViewController.h */ = {isa = PBXFileReference; lastKnownFileType = sourcecode.c.h; path = ViewController.h; sourceTree = "<group>"; };
		84422ADC162A87FF0077E6D5 /* ViewController.m */ = {isa = PBXFileReference; lastKnownFileType = sourcecode.c.objc; path = ViewController.m; sourceTree = "<group>"; };
		84422AE3162A88360077E6D5 /* Default-568h@2x.png */ = {isa = PBXFileReference; lastKnownFileType = image.png; path = "Default-568h@2x.png"; sourceTree = "<group>"; };
		84422AE4162A88360077E6D5 /* Default.png */ = {isa = PBXFileReference; lastKnownFileType = image.png; path = Default.png; sourceTree = "<group>"; };
		84422AE5162A88360077E6D5 /* Default@2x.png */ = {isa = PBXFileReference; lastKnownFileType = image.png; path = "Default@2x.png"; sourceTree = "<group>"; };
/* End PBXFileReference section */

/* Begin PBXFrameworksBuildPhase section */
		84422AB9162A87FF0077E6D5 /* Frameworks */ = {
			isa = PBXFrameworksBuildPhase;
			buildActionMask = 2147483647;
			files = (
				84422AC1162A87FF0077E6D5 /* UIKit.framework in Frameworks */,
				84422AC3162A87FF0077E6D5 /* Foundation.framework in Frameworks */,
				84422AC5162A87FF0077E6D5 /* CoreGraphics.framework in Frameworks */,
			);
			runOnlyForDeploymentPostprocessing = 0;
		};
/* End PBXFrameworksBuildPhase section */

/* Begin PBXGroup section */
		84422AB1162A87FF0077E6D5 = {
			isa = PBXGroup;
			children = (
				84422AC6162A87FF0077E6D5 /* InstaFood */,
				84422ABF162A87FF0077E6D5 /* Frameworks */,
				84422ABD162A87FF0077E6D5 /* Products */,
			);
			sourceTree = "<group>";
		};
		84422ABD162A87FF0077E6D5 /* Products */ = {
			isa = PBXGroup;
			children = (
				84422ABC162A87FF0077E6D5 /* InstaFood.app */,
			);
			name = Products;
			sourceTree = "<group>";
		};
		84422ABF162A87FF0077E6D5 /* Frameworks */ = {
			isa = PBXGroup;
			children = (
				84422AC0162A87FF0077E6D5 /* UIKit.framework */,
				84422AC2162A87FF0077E6D5 /* Foundation.framework */,
				84422AC4162A87FF0077E6D5 /* CoreGraphics.framework */,
			);
			name = Frameworks;
			sourceTree = "<group>";
		};
		84422AC6162A87FF0077E6D5 /* InstaFood */ = {
			isa = PBXGroup;
			children = (
				84422ACF162A87FF0077E6D5 /* AppDelegate.h */,
				84422AD0162A87FF0077E6D5 /* AppDelegate.m */,
				84422AD8162A87FF0077E6D5 /* MainStoryboard.storyboard */,
				84422ADB162A87FF0077E6D5 /* ViewController.h */,
				84422ADC162A87FF0077E6D5 /* ViewController.m */,
				84422AC7162A87FF0077E6D5 /* Supporting Files */,
			);
			path = InstaFood;
			sourceTree = "<group>";
		};
		84422AC7162A87FF0077E6D5 /* Supporting Files */ = {
			isa = PBXGroup;
			children = (
				84422AE3162A88360077E6D5 /* Default-568h@2x.png */,
				84422AE4162A88360077E6D5 /* Default.png */,
				84422AE5162A88360077E6D5 /* Default@2x.png */,
				84422AC8162A87FF0077E6D5 /* InstaFood-Info.plist */,
				84422AC9162A87FF0077E6D5 /* InfoPlist.strings */,
				84422ACC162A87FF0077E6D5 /* main.m */,
				84422ACE162A87FF0077E6D5 /* InstaFood-Prefix.pch */,
			);
			name = "Supporting Files";
			sourceTree = "<group>";
		};
/* End PBXGroup section */

/* Begin PBXNativeTarget section */
		84422ABB162A87FF0077E6D5 /* InstaFood */ = {
			isa = PBXNativeTarget;
			buildConfigurationList = 84422AE0162A87FF0077E6D5 /* Build configuration list for PBXNativeTarget "InstaFood" */;
			buildPhases = (
				84422AB8162A87FF0077E6D5 /* Sources */,
				84422AB9162A87FF0077E6D5 /* Frameworks */,
				84422ABA162A87FF0077E6D5 /* Resources */,
			);
			buildRules = (
			);
			dependencies = (
			);
			name = InstaFood;
			productName = InstaFood;
			productReference = 84422ABC162A87FF0077E6D5 /* InstaFood.app */;
			productType = "com.apple.product-type.application";
		};
/* End PBXNativeTarget section */

/* Begin PBXProject section */
		84422AB3162A87FF0077E6D5 /* Project object */ = {
			isa = PBXProject;
			attributes = {
				LastUpgradeCheck = 0450;
				ORGANIZATIONNAME = MagicDev;
			};
			buildConfigurationList = 84422AB6162A87FF0077E6D5 /* Build configuration list for PBXProject "InstaFood" */;
			compatibilityVersion = "Xcode 3.2";
			developmentRegion = English;
			hasScannedForEncodings = 0;
			knownRegions = (
				en,
			);
			mainGroup = 84422AB1162A87FF0077E6D5;
			productRefGroup = 84422ABD162A87FF0077E6D5 /* Products */;
			projectDirPath = "";
			projectRoot = "";
			targets = (
				84422ABB162A87FF0077E6D5 /* InstaFood */,
			);
		};
/* End PBXProject section */

/* Begin PBXResourcesBuildPhase section */
		84422ABA162A87FF0077E6D5 /* Resources */ = {
			isa = PBXResourcesBuildPhase;
			buildActionMask = 2147483647;
			files = (
				84422ACB162A87FF0077E6D5 /* InfoPlist.strings in Resources */,
				84422ADA162A87FF0077E6D5 /* MainStoryboard.storyboard in Resources */,
				84422AE6162A88360077E6D5 /* Default-568h@2x.png in Resources */,
				84422AE7162A88360077E6D5 /* Default.png in Resources */,
				84422AE8162A88360077E6D5 /* Default@2x.png in Resources */,
			);
			runOnlyForDeploymentPostprocessing = 0;
		};
/* End PBXResourcesBuildPhase section */

/* Begin PBXSourcesBuildPhase section */
		84422AB8162A87FF0077E6D5 /* Sources */ = {
			isa = PBXSourcesBuildPhase;
			buildActionMask = 2147483647;
			files = (
				84422ACD162A87FF0077E6D5 /* main.m in Sources */,
				84422AD1162A87FF0077E6D5 /* AppDelegate.m in Sources */,
				84422ADD162A87FF0077E6D5 /* ViewController.m in Sources */,
			);
			runOnlyForDeploymentPostprocessing = 0;
		};
/* End PBXSourcesBuildPhase section */

/* Begin PBXVariantGroup section */
		84422AC9162A87FF0077E6D5 /* InfoPlist.strings */ = {
			isa = PBXVariantGroup;
			children = (
				84422ACA162A87FF0077E6D5 /* en */,
			);
			name = InfoPlist.strings;
			sourceTree = "<group>";
		};
		84422AD8162A87FF0077E6D5 /* MainStoryboard.storyboard */ = {
			isa = PBXVariantGroup;
			children = (
				84422AD9162A87FF0077E6D5 /* en */,
			);
			name = MainStoryboard.storyboard;
			sourceTree = "<group>";
		};
/* End PBXVariantGroup section */

/* Begin XCBuildConfiguration section */
		84422ADE162A87FF0077E6D5 /* Debug */ = {
			isa = XCBuildConfiguration;
			buildSettings = {
				ALWAYS_SEARCH_USER_PATHS = NO;
				CLANG_CXX_LANGUAGE_STANDARD = "gnu++0x";
				CLANG_CXX_LIBRARY = "libc++";
				CLANG_ENABLE_OBJC_ARC = YES;
				CLANG_WARN_EMPTY_BODY = YES;
				CLANG_WARN__DUPLICATE_METHOD_MATCH = YES;
				"CODE_SIGN_IDENTITY[sdk=iphoneos*]" = "iPhone Developer";
				COPY_PHASE_STRIP = NO;
				GCC_C_LANGUAGE_STANDARD = gnu99;
				GCC_DYNAMIC_NO_PIC = NO;
				GCC_OPTIMIZATION_LEVEL = 0;
				GCC_PREPROCESSOR_DEFINITIONS = (
					"DEBUG=1",
					"$(inherited)",
				);
				GCC_SYMBOLS_PRIVATE_EXTERN = NO;
				GCC_WARN_ABOUT_RETURN_TYPE = YES;
				GCC_WARN_UNINITIALIZED_AUTOS = YES;
				GCC_WARN_UNUSED_VARIABLE = YES;
				IPHONEOS_DEPLOYMENT_TARGET = 6.0;
				ONLY_ACTIVE_ARCH = YES;
				SDKROOT = iphoneos;
			};
			name = Debug;
		};
		84422ADF162A87FF0077E6D5 /* Release */ = {
			isa = XCBuildConfiguration;
			buildSettings = {
				ALWAYS_SEARCH_USER_PATHS = NO;
				CLANG_CXX_LANGUAGE_STANDARD = "gnu++0x";
				CLANG_CXX_LIBRARY = "libc++";
				CLANG_ENABLE_OBJC_ARC = YES;
				CLANG_WARN_EMPTY_BODY = YES;
				CLANG_WARN__DUPLICATE_METHOD_MATCH = YES;
				"CODE_SIGN_IDENTITY[sdk=iphoneos*]" = "iPhone Developer";
				COPY_PHASE_STRIP = YES;
				GCC_C_LANGUAGE_STANDARD = gnu99;
				GCC_WARN_ABOUT_RETURN_TYPE = YES;
				GCC_WARN_UNINITIALIZED_AUTOS = YES;
				GCC_WARN_UNUSED_VARIABLE = YES;
				IPHONEOS_DEPLOYMENT_TARGET = 6.0;
				OTHER_CFLAGS = "-DNS_BLOCK_ASSERTIONS=1";
				SDKROOT = iphoneos;
				VALIDATE_PRODUCT = YES;
			};
			name = Release;
		};
		84422AE1162A87FF0077E6D5 /* Debug */ = {
			isa = XCBuildConfiguration;
			buildSettings = {
				GCC_PRECOMPILE_PREFIX_HEADER = YES;
				GCC_PREFIX_HEADER = "InstaFood/InstaFood-Prefix.pch";
				INFOPLIST_FILE = "InstaFood/InstaFood-Info.plist";
				PRODUCT_NAME = "$(TARGET_NAME)";
				WRAPPER_EXTENSION = app;
			};
			name = Debug;
		};
		84422AE2162A87FF0077E6D5 /* Release */ = {
			isa = XCBuildConfiguration;
			buildSettings = {
				GCC_PRECOMPILE_PREFIX_HEADER = YES;
				GCC_PREFIX_HEADER = "InstaFood/InstaFood-Prefix.pch";
				INFOPLIST_FILE = "InstaFood/InstaFood-Info.plist";
				PRODUCT_NAME = "$(TARGET_NAME)";
				WRAPPER_EXTENSION = app;
			};
			name = Release;
		};
/* End XCBuildConfiguration section */

/* Begin XCConfigurationList section */
		84422AB6162A87FF0077E6D5 /* Build configuration list for PBXProject "InstaFood" */ = {
			isa = XCConfigurationList;
			buildConfigurations = (
				84422ADE162A87FF0077E6D5 /* Debug */,
				84422ADF162A87FF0077E6D5 /* Release */,
			);
			defaultConfigurationIsVisible = 0;
			defaultConfigurationName = Release;
		};
		84422AE0162A87FF0077E6D5 /* Build configuration list for PBXNativeTarget "InstaFood" */ = {
			isa = XCConfigurationList;
			buildConfigurations = (
				84422AE1162A87FF0077E6D5 /* Debug */,
				84422AE2162A87FF0077E6D5 /* Release */,
			);
			defaultConfigurationIsVisible = 0;
		};
/* End XCConfigurationList section */
	};
	rootObject = 84422AB3162A87FF0077E6D5 /* Project object */;
}
