// !$*UTF8*$!
{
	archiveVersion = 1;
	classes = {
	};
	objectVersion = 46;
	objects = {

/* Begin PBXBuildFile section */
		842486AB16336A3C00EC3C0A /* CoreLocation.framework in Frameworks */ = {isa = PBXBuildFile; fileRef = 842486AA16336A3C00EC3C0A /* CoreLocation.framework */; };
		842486AE16336A4100EC3C0A /* MapKit.framework in Frameworks */ = {isa = PBXBuildFile; fileRef = 842486AD16336A4000EC3C0A /* MapKit.framework */; };
		842486B1163370DA00EC3C0A /* ExploreViewController.m in Sources */ = {isa = PBXBuildFile; fileRef = 842486B0163370DA00EC3C0A /* ExploreViewController.m */; };
		84422AC1162A87FF0077E6D5 /* UIKit.framework in Frameworks */ = {isa = PBXBuildFile; fileRef = 84422AC0162A87FF0077E6D5 /* UIKit.framework */; };
		84422AC3162A87FF0077E6D5 /* Foundation.framework in Frameworks */ = {isa = PBXBuildFile; fileRef = 84422AC2162A87FF0077E6D5 /* Foundation.framework */; };
		84422AC5162A87FF0077E6D5 /* CoreGraphics.framework in Frameworks */ = {isa = PBXBuildFile; fileRef = 84422AC4162A87FF0077E6D5 /* CoreGraphics.framework */; };
		84422ACB162A87FF0077E6D5 /* InfoPlist.strings in Resources */ = {isa = PBXBuildFile; fileRef = 84422AC9162A87FF0077E6D5 /* InfoPlist.strings */; };
		84422ACD162A87FF0077E6D5 /* main.m in Sources */ = {isa = PBXBuildFile; fileRef = 84422ACC162A87FF0077E6D5 /* main.m */; };
		84422AD1162A87FF0077E6D5 /* AppDelegate.m in Sources */ = {isa = PBXBuildFile; fileRef = 84422AD0162A87FF0077E6D5 /* AppDelegate.m */; };
		84422ADA162A87FF0077E6D5 /* MainStoryboard.storyboard in Resources */ = {isa = PBXBuildFile; fileRef = 84422AD8162A87FF0077E6D5 /* MainStoryboard.storyboard */; };
		84422ADD162A87FF0077E6D5 /* EditPhotoViewController.m in Sources */ = {isa = PBXBuildFile; fileRef = 84422ADC162A87FF0077E6D5 /* EditPhotoViewController.m */; };
		84422AE6162A88360077E6D5 /* Default-568h@2x.png in Resources */ = {isa = PBXBuildFile; fileRef = 84422AE3162A88360077E6D5 /* Default-568h@2x.png */; };
		84422AE7162A88360077E6D5 /* Default.png in Resources */ = {isa = PBXBuildFile; fileRef = 84422AE4162A88360077E6D5 /* Default.png */; };
		84422AE8162A88360077E6D5 /* Default@2x.png in Resources */ = {isa = PBXBuildFile; fileRef = 84422AE5162A88360077E6D5 /* Default@2x.png */; };
		846CE6B516382C2800EA6105 /* DetailViewController.m in Sources */ = {isa = PBXBuildFile; fileRef = 846CE6B416382C2700EA6105 /* DetailViewController.m */; };
		846F32201636492E0018D664 /* NIAttributedLabel.m in Sources */ = {isa = PBXBuildFile; fileRef = 846F320B1636492E0018D664 /* NIAttributedLabel.m */; };
		846F32211636492E0018D664 /* NSMutableAttributedString+NimbusAttributedLabel.m in Sources */ = {isa = PBXBuildFile; fileRef = 846F320F1636492E0018D664 /* NSMutableAttributedString+NimbusAttributedLabel.m */; };
		846F32251636492E0018D664 /* NimbusWebController.bundle in Resources */ = {isa = PBXBuildFile; fileRef = 846F32161636492E0018D664 /* NimbusWebController.bundle */; };
		846F32261636492E0018D664 /* NIWebController.m in Sources */ = {isa = PBXBuildFile; fileRef = 846F321B1636492E0018D664 /* NIWebController.m */; };
		846F326C163649B80018D664 /* NICommonMetrics.m in Sources */ = {isa = PBXBuildFile; fileRef = 846F3230163649B80018D664 /* NICommonMetrics.m */; };
		846F326D163649B80018D664 /* NIDataStructures.m in Sources */ = {isa = PBXBuildFile; fileRef = 846F3232163649B80018D664 /* NIDataStructures.m */; };
		846F326E163649B80018D664 /* NIDebuggingTools.m in Sources */ = {isa = PBXBuildFile; fileRef = 846F3234163649B80018D664 /* NIDebuggingTools.m */; };
		846F326F163649B80018D664 /* NIDeviceOrientation.m in Sources */ = {isa = PBXBuildFile; fileRef = 846F3236163649B80018D664 /* NIDeviceOrientation.m */; };
		846F3270163649B80018D664 /* NIError.m in Sources */ = {isa = PBXBuildFile; fileRef = 846F3238163649B80018D664 /* NIError.m */; };
		846F3271163649B80018D664 /* NIFoundationMethods.m in Sources */ = {isa = PBXBuildFile; fileRef = 846F323A163649B80018D664 /* NIFoundationMethods.m */; };
		846F3272163649B80018D664 /* NIInMemoryCache.m in Sources */ = {isa = PBXBuildFile; fileRef = 846F323C163649B80018D664 /* NIInMemoryCache.m */; };
		846F3273163649B80018D664 /* NINavigationAppearance.m in Sources */ = {isa = PBXBuildFile; fileRef = 846F3241163649B80018D664 /* NINavigationAppearance.m */; };
		846F3274163649B80018D664 /* NINetworkActivity.m in Sources */ = {isa = PBXBuildFile; fileRef = 846F3243163649B80018D664 /* NINetworkActivity.m */; };
		846F3275163649B80018D664 /* NINonEmptyCollectionTesting.m in Sources */ = {isa = PBXBuildFile; fileRef = 846F3245163649B80018D664 /* NINonEmptyCollectionTesting.m */; };
		846F3276163649B80018D664 /* NINonRetainingCollections.m in Sources */ = {isa = PBXBuildFile; fileRef = 846F3247163649B80018D664 /* NINonRetainingCollections.m */; };
		846F3277163649B80018D664 /* NIOperations.m in Sources */ = {isa = PBXBuildFile; fileRef = 846F324A163649B80018D664 /* NIOperations.m */; };
		846F3278163649B80018D664 /* NIPaths.m in Sources */ = {isa = PBXBuildFile; fileRef = 846F324C163649B80018D664 /* NIPaths.m */; };
		846F3279163649B80018D664 /* NIRuntimeClassModifications.m in Sources */ = {isa = PBXBuildFile; fileRef = 846F324F163649B80018D664 /* NIRuntimeClassModifications.m */; };
		846F327A163649B80018D664 /* NISDKAvailability.m in Sources */ = {isa = PBXBuildFile; fileRef = 846F3251163649B80018D664 /* NISDKAvailability.m */; };
		846F327B163649B80018D664 /* NISnapshotRotation.m in Sources */ = {isa = PBXBuildFile; fileRef = 846F3253163649B80018D664 /* NISnapshotRotation.m */; };
		846F327C163649B80018D664 /* NIState.m in Sources */ = {isa = PBXBuildFile; fileRef = 846F3255163649B80018D664 /* NIState.m */; };
		846F327D163649B80018D664 /* NIViewRecycler.m in Sources */ = {isa = PBXBuildFile; fileRef = 846F3257163649B80018D664 /* NIViewRecycler.m */; };
		846F327E163649B80018D664 /* NSString+NimbusCore.m in Sources */ = {isa = PBXBuildFile; fileRef = 846F3259163649B80018D664 /* NSString+NimbusCore.m */; };
		846F328E16364B0D0018D664 /* CoreText.framework in Frameworks */ = {isa = PBXBuildFile; fileRef = 846F328D16364B0D0018D664 /* CoreText.framework */; };
		846F32A8163653150018D664 /* PrettyCustomViewTableViewCell.m in Sources */ = {isa = PBXBuildFile; fileRef = 846F3296163653150018D664 /* PrettyCustomViewTableViewCell.m */; settings = {COMPILER_FLAGS = "-fno-objc-arc"; }; };
		846F32A9163653150018D664 /* PrettyGridTableViewCell.m in Sources */ = {isa = PBXBuildFile; fileRef = 846F3298163653150018D664 /* PrettyGridTableViewCell.m */; settings = {COMPILER_FLAGS = "-fno-objc-arc"; }; };
		846F32AA163653150018D664 /* PrettySegmentedControlTableViewCell.m in Sources */ = {isa = PBXBuildFile; fileRef = 846F329A163653150018D664 /* PrettySegmentedControlTableViewCell.m */; settings = {COMPILER_FLAGS = "-fno-objc-arc"; }; };
		846F32AB163653150018D664 /* PrettyTableViewCell.m in Sources */ = {isa = PBXBuildFile; fileRef = 846F329C163653150018D664 /* PrettyTableViewCell.m */; settings = {COMPILER_FLAGS = "-fno-objc-arc"; }; };
		846F32AC163653150018D664 /* PrettyDrawing.m in Sources */ = {isa = PBXBuildFile; fileRef = 846F329E163653150018D664 /* PrettyDrawing.m */; settings = {COMPILER_FLAGS = "-fno-objc-arc"; }; };
		846F32AD163653150018D664 /* PrettyNavigationBar.m in Sources */ = {isa = PBXBuildFile; fileRef = 846F32A1163653150018D664 /* PrettyNavigationBar.m */; settings = {COMPILER_FLAGS = "-fno-objc-arc"; }; };
		846F32AE163653150018D664 /* PrettyShadowPlainTableview.m in Sources */ = {isa = PBXBuildFile; fileRef = 846F32A3163653150018D664 /* PrettyShadowPlainTableview.m */; settings = {COMPILER_FLAGS = "-fno-objc-arc"; }; };
		846F32AF163653150018D664 /* PrettyTabBar.m in Sources */ = {isa = PBXBuildFile; fileRef = 846F32A5163653150018D664 /* PrettyTabBar.m */; settings = {COMPILER_FLAGS = "-fno-objc-arc"; }; };
		846F32B0163653150018D664 /* PrettyToolbar.m in Sources */ = {isa = PBXBuildFile; fileRef = 846F32A7163653150018D664 /* PrettyToolbar.m */; settings = {COMPILER_FLAGS = "-fno-objc-arc"; }; };
		846F32D0163688A70018D664 /* white-border@2x.png in Resources */ = {isa = PBXBuildFile; fileRef = 846F32CE163688A70018D664 /* white-border@2x.png */; };
		846F32D1163688A70018D664 /* white-border.png in Resources */ = {isa = PBXBuildFile; fileRef = 846F32CF163688A70018D664 /* white-border.png */; };
		8476F4D61632F26800AEF3AE /* libAviarySDK.a in Frameworks */ = {isa = PBXBuildFile; fileRef = 8476F4D31632F26800AEF3AE /* libAviarySDK.a */; };
		8476F4D71632F26800AEF3AE /* AviarySDKResources.bundle in Resources */ = {isa = PBXBuildFile; fileRef = 8476F4D51632F26800AEF3AE /* AviarySDKResources.bundle */; };
		8476F4DA1632F28C00AEF3AE /* QuartzCore.framework in Frameworks */ = {isa = PBXBuildFile; fileRef = 8476F4D91632F28C00AEF3AE /* QuartzCore.framework */; };
		8476F4DC1632F29300AEF3AE /* Accelerate.framework in Frameworks */ = {isa = PBXBuildFile; fileRef = 8476F4DB1632F29300AEF3AE /* Accelerate.framework */; };
		8476F4DE1632F29900AEF3AE /* StoreKit.framework in Frameworks */ = {isa = PBXBuildFile; fileRef = 8476F4DD1632F29900AEF3AE /* StoreKit.framework */; };
		8476F4E01632F2A000AEF3AE /* libz.1.2.5.dylib in Frameworks */ = {isa = PBXBuildFile; fileRef = 8476F4DF1632F2A000AEF3AE /* libz.1.2.5.dylib */; };
		8476F4E21632F2A700AEF3AE /* libsqlite3.0.dylib in Frameworks */ = {isa = PBXBuildFile; fileRef = 8476F4E11632F2A700AEF3AE /* libsqlite3.0.dylib */; };
		8476F4E41632F2AD00AEF3AE /* CoreData.framework in Frameworks */ = {isa = PBXBuildFile; fileRef = 8476F4E31632F2AD00AEF3AE /* CoreData.framework */; };
		8476F4E71632F35100AEF3AE /* AFSubPhotoEditorViewController.m in Sources */ = {isa = PBXBuildFile; fileRef = 8476F4E61632F35100AEF3AE /* AFSubPhotoEditorViewController.m */; };
		8476F4E91632F72000AEF3AE /* AssetsLibrary.framework in Frameworks */ = {isa = PBXBuildFile; fileRef = 8476F4E81632F72000AEF3AE /* AssetsLibrary.framework */; };
		8476F4F3163302FE00AEF3AE /* Social.framework in Frameworks */ = {isa = PBXBuildFile; fileRef = 8476F4F2163302FE00AEF3AE /* Social.framework */; };
		8478CDF816350DB100E950A9 /* ExploreCell.m in Sources */ = {isa = PBXBuildFile; fileRef = 8478CDF716350DB100E950A9 /* ExploreCell.m */; };
		8478CE111635329500E950A9 /* DescriptionClass.m in Sources */ = {isa = PBXBuildFile; fileRef = 8478CDFE1635329500E950A9 /* DescriptionClass.m */; };
		8478CE121635329500E950A9 /* Entities.m in Sources */ = {isa = PBXBuildFile; fileRef = 8478CE001635329500E950A9 /* Entities.m */; };
		8478CE131635329500E950A9 /* Hashtags.m in Sources */ = {isa = PBXBuildFile; fileRef = 8478CE021635329500E950A9 /* Hashtags.m */; };
		8478CE141635329500E950A9 /* Metadata.m in Sources */ = {isa = PBXBuildFile; fileRef = 8478CE041635329500E950A9 /* Metadata.m */; };
		8478CE151635329500E950A9 /* SearchMetadata.m in Sources */ = {isa = PBXBuildFile; fileRef = 8478CE061635329500E950A9 /* SearchMetadata.m */; };
		8478CE161635329500E950A9 /* Statuses.m in Sources */ = {isa = PBXBuildFile; fileRef = 8478CE081635329500E950A9 /* Statuses.m */; };
		8478CE171635329500E950A9 /* TweetObject.m in Sources */ = {isa = PBXBuildFile; fileRef = 8478CE0A1635329500E950A9 /* TweetObject.m */; };
		8478CE181635329500E950A9 /* Url.m in Sources */ = {isa = PBXBuildFile; fileRef = 8478CE0C1635329500E950A9 /* Url.m */; };
		8478CE191635329500E950A9 /* Urls.m in Sources */ = {isa = PBXBuildFile; fileRef = 8478CE0E1635329500E950A9 /* Urls.m */; };
		8478CE1A1635329500E950A9 /* User.m in Sources */ = {isa = PBXBuildFile; fileRef = 8478CE101635329500E950A9 /* User.m */; };
		8496900C163390FB004A558F /* TwitterManager.m in Sources */ = {isa = PBXBuildFile; fileRef = 8496900B163390FB004A558F /* TwitterManager.m */; };
		8496900F16339421004A558F /* Accounts.framework in Frameworks */ = {isa = PBXBuildFile; fileRef = 8496900E16339421004A558F /* Accounts.framework */; };
		84CE05F61632C91400271541 /* backbutton.png in Resources */ = {isa = PBXBuildFile; fileRef = 84CE05E01632C91400271541 /* backbutton.png */; };
		84CE05F71632C91400271541 /* backbutton@2x.png in Resources */ = {isa = PBXBuildFile; fileRef = 84CE05E11632C91400271541 /* backbutton@2x.png */; };
		84CE05F81632C91400271541 /* barbutton.png in Resources */ = {isa = PBXBuildFile; fileRef = 84CE05E21632C91400271541 /* barbutton.png */; };
		84CE05F91632C91400271541 /* barbutton@2x.png in Resources */ = {isa = PBXBuildFile; fileRef = 84CE05E31632C91400271541 /* barbutton@2x.png */; };
		84CE05FA1632C91400271541 /* Camera.png in Resources */ = {isa = PBXBuildFile; fileRef = 84CE05E41632C91400271541 /* Camera.png */; };
		84CE05FB1632C91400271541 /* Camera@2x.png in Resources */ = {isa = PBXBuildFile; fileRef = 84CE05E51632C91400271541 /* Camera@2x.png */; };
		84CE05FC1632C91400271541 /* edit_background.png in Resources */ = {isa = PBXBuildFile; fileRef = 84CE05E61632C91400271541 /* edit_background.png */; };
		84CE05FD1632C91400271541 /* edit_background@2x.png in Resources */ = {isa = PBXBuildFile; fileRef = 84CE05E71632C91400271541 /* edit_background@2x.png */; };
		84CE05FE1632C91400271541 /* edit_photo-active.png in Resources */ = {isa = PBXBuildFile; fileRef = 84CE05E81632C91400271541 /* edit_photo-active.png */; };
		84CE05FF1632C91400271541 /* edit_photo-active@2x.png in Resources */ = {isa = PBXBuildFile; fileRef = 84CE05E91632C91400271541 /* edit_photo-active@2x.png */; };
		84CE06001632C91400271541 /* edit_photo-inactive.png in Resources */ = {isa = PBXBuildFile; fileRef = 84CE05EA1632C91400271541 /* edit_photo-inactive.png */; };
		84CE06011632C91400271541 /* edit_photo-inactive@2x.png in Resources */ = {isa = PBXBuildFile; fileRef = 84CE05EB1632C91400271541 /* edit_photo-inactive@2x.png */; };
		84CE06021632C91400271541 /* explore-active.png in Resources */ = {isa = PBXBuildFile; fileRef = 84CE05EC1632C91400271541 /* explore-active.png */; };
		84CE06031632C91400271541 /* explore-active@2x.png in Resources */ = {isa = PBXBuildFile; fileRef = 84CE05ED1632C91400271541 /* explore-active@2x.png */; };
		84CE06041632C91400271541 /* explore-inactive.png in Resources */ = {isa = PBXBuildFile; fileRef = 84CE05EE1632C91400271541 /* explore-inactive.png */; };
		84CE06051632C91400271541 /* explore-inactive@2x.png in Resources */ = {isa = PBXBuildFile; fileRef = 84CE05EF1632C91400271541 /* explore-inactive@2x.png */; };
		84CE06061632C91400271541 /* navbar.png in Resources */ = {isa = PBXBuildFile; fileRef = 84CE05F01632C91400271541 /* navbar.png */; };
		84CE06071632C91400271541 /* navbar@2x.png in Resources */ = {isa = PBXBuildFile; fileRef = 84CE05F11632C91400271541 /* navbar@2x.png */; };
		84CE06081632C91400271541 /* PhotoAblum.png in Resources */ = {isa = PBXBuildFile; fileRef = 84CE05F21632C91400271541 /* PhotoAblum.png */; };
		84CE06091632C91400271541 /* PhotoAblum@2x.png in Resources */ = {isa = PBXBuildFile; fileRef = 84CE05F31632C91400271541 /* PhotoAblum@2x.png */; };
		84CE060A1632C91400271541 /* tab-background.png in Resources */ = {isa = PBXBuildFile; fileRef = 84CE05F41632C91400271541 /* tab-background.png */; };
		84CE060B1632C91400271541 /* tab-background@2x.png in Resources */ = {isa = PBXBuildFile; fileRef = 84CE05F51632C91400271541 /* tab-background@2x.png */; };
		84CE061A1632CB3700271541 /* CustomTabBar.m in Sources */ = {isa = PBXBuildFile; fileRef = 84CE06191632CB3700271541 /* CustomTabBar.m */; };
		84CE061F1632CF3400271541 /* Vollkorn-Bold.ttf in Resources */ = {isa = PBXBuildFile; fileRef = 84CE061B1632CF3400271541 /* Vollkorn-Bold.ttf */; };
		84CE06201632CF3400271541 /* Vollkorn-BoldItalic.ttf in Resources */ = {isa = PBXBuildFile; fileRef = 84CE061C1632CF3400271541 /* Vollkorn-BoldItalic.ttf */; };
		84CE06211632CF3400271541 /* Vollkorn-Italic.ttf in Resources */ = {isa = PBXBuildFile; fileRef = 84CE061D1632CF3400271541 /* Vollkorn-Italic.ttf */; };
		84CE06221632CF3400271541 /* Vollkorn-Regular.ttf in Resources */ = {isa = PBXBuildFile; fileRef = 84CE061E1632CF3400271541 /* Vollkorn-Regular.ttf */; };
		84DB74921638CF3100FC07F5 /* DetailImageCell.m in Sources */ = {isa = PBXBuildFile; fileRef = 84DB74911638CF3100FC07F5 /* DetailImageCell.m */; };
		84DB74951638CF6200FC07F5 /* DetailStatusCell.m in Sources */ = {isa = PBXBuildFile; fileRef = 84DB74941638CF6200FC07F5 /* DetailStatusCell.m */; };
		84E08764163553E9005E3D58 /* AFHTTPClient.m in Sources */ = {isa = PBXBuildFile; fileRef = 84E08752163553E9005E3D58 /* AFHTTPClient.m */; };
		84E08765163553E9005E3D58 /* AFHTTPRequestOperation.m in Sources */ = {isa = PBXBuildFile; fileRef = 84E08754163553E9005E3D58 /* AFHTTPRequestOperation.m */; };
		84E08766163553E9005E3D58 /* AFImageRequestOperation.m in Sources */ = {isa = PBXBuildFile; fileRef = 84E08756163553E9005E3D58 /* AFImageRequestOperation.m */; };
		84E08767163553E9005E3D58 /* AFJSONRequestOperation.m in Sources */ = {isa = PBXBuildFile; fileRef = 84E08758163553E9005E3D58 /* AFJSONRequestOperation.m */; };
		84E08768163553E9005E3D58 /* AFNetworkActivityIndicatorManager.m in Sources */ = {isa = PBXBuildFile; fileRef = 84E0875A163553E9005E3D58 /* AFNetworkActivityIndicatorManager.m */; };
		84E08769163553E9005E3D58 /* AFPropertyListRequestOperation.m in Sources */ = {isa = PBXBuildFile; fileRef = 84E0875D163553E9005E3D58 /* AFPropertyListRequestOperation.m */; };
		84E0876A163553E9005E3D58 /* AFURLConnectionOperation.m in Sources */ = {isa = PBXBuildFile; fileRef = 84E0875F163553E9005E3D58 /* AFURLConnectionOperation.m */; };
		84E0876B163553E9005E3D58 /* AFXMLRequestOperation.m in Sources */ = {isa = PBXBuildFile; fileRef = 84E08761163553E9005E3D58 /* AFXMLRequestOperation.m */; };
		84E0876C163553E9005E3D58 /* UIImageView+AFNetworking.m in Sources */ = {isa = PBXBuildFile; fileRef = 84E08763163553E9005E3D58 /* UIImageView+AFNetworking.m */; };
		84E08770163555CF005E3D58 /* SystemConfiguration.framework in Frameworks */ = {isa = PBXBuildFile; fileRef = 84E0876F163555CF005E3D58 /* SystemConfiguration.framework */; };
		84E0877616355B2F005E3D58 /* MobileCoreServices.framework in Frameworks */ = {isa = PBXBuildFile; fileRef = 84E0876D163555CA005E3D58 /* MobileCoreServices.framework */; };
/* End PBXBuildFile section */

/* Begin PBXFileReference section */
		840E19F01638C0A90037039E /* DetailStatusCell.h */ = {isa = PBXFileReference; fileEncoding = 4; lastKnownFileType = sourcecode.c.h; path = DetailStatusCell.h; sourceTree = "<group>"; };
		842486AA16336A3C00EC3C0A /* CoreLocation.framework */ = {isa = PBXFileReference; lastKnownFileType = wrapper.framework; name = CoreLocation.framework; path = System/Library/Frameworks/CoreLocation.framework; sourceTree = SDKROOT; };
		842486AD16336A4000EC3C0A /* MapKit.framework */ = {isa = PBXFileReference; lastKnownFileType = wrapper.framework; name = MapKit.framework; path = System/Library/Frameworks/MapKit.framework; sourceTree = SDKROOT; };
		842486AF163370DA00EC3C0A /* ExploreViewController.h */ = {isa = PBXFileReference; fileEncoding = 4; lastKnownFileType = sourcecode.c.h; path = ExploreViewController.h; sourceTree = "<group>"; };
		842486B0163370DA00EC3C0A /* ExploreViewController.m */ = {isa = PBXFileReference; fileEncoding = 4; lastKnownFileType = sourcecode.c.objc; path = ExploreViewController.m; sourceTree = "<group>"; };
		84422ABC162A87FF0077E6D5 /* InstaFood.app */ = {isa = PBXFileReference; explicitFileType = wrapper.application; includeInIndex = 0; path = InstaFood.app; sourceTree = BUILT_PRODUCTS_DIR; };
		84422AC0162A87FF0077E6D5 /* UIKit.framework */ = {isa = PBXFileReference; lastKnownFileType = wrapper.framework; name = UIKit.framework; path = System/Library/Frameworks/UIKit.framework; sourceTree = SDKROOT; };
		84422AC2162A87FF0077E6D5 /* Foundation.framework */ = {isa = PBXFileReference; lastKnownFileType = wrapper.framework; name = Foundation.framework; path = System/Library/Frameworks/Foundation.framework; sourceTree = SDKROOT; };
		84422AC4162A87FF0077E6D5 /* CoreGraphics.framework */ = {isa = PBXFileReference; lastKnownFileType = wrapper.framework; name = CoreGraphics.framework; path = System/Library/Frameworks/CoreGraphics.framework; sourceTree = SDKROOT; };
		84422AC8162A87FF0077E6D5 /* InstaFood-Info.plist */ = {isa = PBXFileReference; lastKnownFileType = text.plist.xml; path = "InstaFood-Info.plist"; sourceTree = "<group>"; };
		84422ACA162A87FF0077E6D5 /* en */ = {isa = PBXFileReference; lastKnownFileType = text.plist.strings; name = en; path = en.lproj/InfoPlist.strings; sourceTree = "<group>"; };
		84422ACC162A87FF0077E6D5 /* main.m */ = {isa = PBXFileReference; lastKnownFileType = sourcecode.c.objc; path = main.m; sourceTree = "<group>"; };
		84422ACE162A87FF0077E6D5 /* InstaFood-Prefix.pch */ = {isa = PBXFileReference; lastKnownFileType = sourcecode.c.h; path = "InstaFood-Prefix.pch"; sourceTree = "<group>"; };
		84422ACF162A87FF0077E6D5 /* AppDelegate.h */ = {isa = PBXFileReference; lastKnownFileType = sourcecode.c.h; path = AppDelegate.h; sourceTree = "<group>"; };
		84422AD0162A87FF0077E6D5 /* AppDelegate.m */ = {isa = PBXFileReference; lastKnownFileType = sourcecode.c.objc; path = AppDelegate.m; sourceTree = "<group>"; };
		84422AD9162A87FF0077E6D5 /* en */ = {isa = PBXFileReference; lastKnownFileType = file.storyboard; name = en; path = en.lproj/MainStoryboard.storyboard; sourceTree = "<group>"; };
		84422ADB162A87FF0077E6D5 /* EditPhotoViewController.h */ = {isa = PBXFileReference; lastKnownFileType = sourcecode.c.h; path = EditPhotoViewController.h; sourceTree = "<group>"; };
		84422ADC162A87FF0077E6D5 /* EditPhotoViewController.m */ = {isa = PBXFileReference; lastKnownFileType = sourcecode.c.objc; path = EditPhotoViewController.m; sourceTree = "<group>"; };
		84422AE3162A88360077E6D5 /* Default-568h@2x.png */ = {isa = PBXFileReference; lastKnownFileType = image.png; path = "Default-568h@2x.png"; sourceTree = "<group>"; };
		84422AE4162A88360077E6D5 /* Default.png */ = {isa = PBXFileReference; lastKnownFileType = image.png; path = Default.png; sourceTree = "<group>"; };
		84422AE5162A88360077E6D5 /* Default@2x.png */ = {isa = PBXFileReference; lastKnownFileType = image.png; path = "Default@2x.png"; sourceTree = "<group>"; };
		846CE6B316382C2700EA6105 /* DetailViewController.h */ = {isa = PBXFileReference; fileEncoding = 4; lastKnownFileType = sourcecode.c.h; path = DetailViewController.h; sourceTree = "<group>"; };
		846CE6B416382C2700EA6105 /* DetailViewController.m */ = {isa = PBXFileReference; fileEncoding = 4; lastKnownFileType = sourcecode.c.objc; path = DetailViewController.m; sourceTree = "<group>"; };
		846F320A1636492E0018D664 /* NIAttributedLabel.h */ = {isa = PBXFileReference; fileEncoding = 4; lastKnownFileType = sourcecode.c.h; path = NIAttributedLabel.h; sourceTree = "<group>"; };
		846F320B1636492E0018D664 /* NIAttributedLabel.m */ = {isa = PBXFileReference; fileEncoding = 4; lastKnownFileType = sourcecode.c.objc; path = NIAttributedLabel.m; sourceTree = "<group>"; };
		846F320C1636492E0018D664 /* NimbusAttributedLabel+Namespace.h */ = {isa = PBXFileReference; fileEncoding = 4; lastKnownFileType = sourcecode.c.h; path = "NimbusAttributedLabel+Namespace.h"; sourceTree = "<group>"; };
		846F320D1636492E0018D664 /* NimbusAttributedLabel.h */ = {isa = PBXFileReference; fileEncoding = 4; lastKnownFileType = sourcecode.c.h; path = NimbusAttributedLabel.h; sourceTree = "<group>"; };
		846F320E1636492E0018D664 /* NSMutableAttributedString+NimbusAttributedLabel.h */ = {isa = PBXFileReference; fileEncoding = 4; lastKnownFileType = sourcecode.c.h; path = "NSMutableAttributedString+NimbusAttributedLabel.h"; sourceTree = "<group>"; };
		846F320F1636492E0018D664 /* NSMutableAttributedString+NimbusAttributedLabel.m */ = {isa = PBXFileReference; fileEncoding = 4; lastKnownFileType = sourcecode.c.objc; path = "NSMutableAttributedString+NimbusAttributedLabel.m"; sourceTree = "<group>"; };
		846F32161636492E0018D664 /* NimbusWebController.bundle */ = {isa = PBXFileReference; lastKnownFileType = "wrapper.plug-in"; path = NimbusWebController.bundle; sourceTree = "<group>"; };
		846F32181636492E0018D664 /* NimbusWebController+Namespace.h */ = {isa = PBXFileReference; fileEncoding = 4; lastKnownFileType = sourcecode.c.h; path = "NimbusWebController+Namespace.h"; sourceTree = "<group>"; };
		846F32191636492E0018D664 /* NimbusWebController.h */ = {isa = PBXFileReference; fileEncoding = 4; lastKnownFileType = sourcecode.c.h; path = NimbusWebController.h; sourceTree = "<group>"; };
		846F321A1636492E0018D664 /* NIWebController.h */ = {isa = PBXFileReference; fileEncoding = 4; lastKnownFileType = sourcecode.c.h; path = NIWebController.h; sourceTree = "<group>"; };
		846F321B1636492E0018D664 /* NIWebController.m */ = {isa = PBXFileReference; fileEncoding = 4; lastKnownFileType = sourcecode.c.objc; path = NIWebController.m; sourceTree = "<group>"; };
		846F322F163649B80018D664 /* NICommonMetrics.h */ = {isa = PBXFileReference; fileEncoding = 4; lastKnownFileType = sourcecode.c.h; path = NICommonMetrics.h; sourceTree = "<group>"; };
		846F3230163649B80018D664 /* NICommonMetrics.m */ = {isa = PBXFileReference; fileEncoding = 4; lastKnownFileType = sourcecode.c.objc; path = NICommonMetrics.m; sourceTree = "<group>"; };
		846F3231163649B80018D664 /* NIDataStructures.h */ = {isa = PBXFileReference; fileEncoding = 4; lastKnownFileType = sourcecode.c.h; path = NIDataStructures.h; sourceTree = "<group>"; };
		846F3232163649B80018D664 /* NIDataStructures.m */ = {isa = PBXFileReference; fileEncoding = 4; lastKnownFileType = sourcecode.c.objc; path = NIDataStructures.m; sourceTree = "<group>"; };
		846F3233163649B80018D664 /* NIDebuggingTools.h */ = {isa = PBXFileReference; fileEncoding = 4; lastKnownFileType = sourcecode.c.h; path = NIDebuggingTools.h; sourceTree = "<group>"; };
		846F3234163649B80018D664 /* NIDebuggingTools.m */ = {isa = PBXFileReference; fileEncoding = 4; lastKnownFileType = sourcecode.c.objc; path = NIDebuggingTools.m; sourceTree = "<group>"; };
		846F3235163649B80018D664 /* NIDeviceOrientation.h */ = {isa = PBXFileReference; fileEncoding = 4; lastKnownFileType = sourcecode.c.h; path = NIDeviceOrientation.h; sourceTree = "<group>"; };
		846F3236163649B80018D664 /* NIDeviceOrientation.m */ = {isa = PBXFileReference; fileEncoding = 4; lastKnownFileType = sourcecode.c.objc; path = NIDeviceOrientation.m; sourceTree = "<group>"; };
		846F3237163649B80018D664 /* NIError.h */ = {isa = PBXFileReference; fileEncoding = 4; lastKnownFileType = sourcecode.c.h; path = NIError.h; sourceTree = "<group>"; };
		846F3238163649B80018D664 /* NIError.m */ = {isa = PBXFileReference; fileEncoding = 4; lastKnownFileType = sourcecode.c.objc; path = NIError.m; sourceTree = "<group>"; };
		846F3239163649B80018D664 /* NIFoundationMethods.h */ = {isa = PBXFileReference; fileEncoding = 4; lastKnownFileType = sourcecode.c.h; path = NIFoundationMethods.h; sourceTree = "<group>"; };
		846F323A163649B80018D664 /* NIFoundationMethods.m */ = {isa = PBXFileReference; fileEncoding = 4; lastKnownFileType = sourcecode.c.objc; path = NIFoundationMethods.m; sourceTree = "<group>"; };
		846F323B163649B80018D664 /* NIInMemoryCache.h */ = {isa = PBXFileReference; fileEncoding = 4; lastKnownFileType = sourcecode.c.h; path = NIInMemoryCache.h; sourceTree = "<group>"; };
		846F323C163649B80018D664 /* NIInMemoryCache.m */ = {isa = PBXFileReference; fileEncoding = 4; lastKnownFileType = sourcecode.c.objc; path = NIInMemoryCache.m; sourceTree = "<group>"; };
		846F323D163649B80018D664 /* NimbusCore+Additions.h */ = {isa = PBXFileReference; fileEncoding = 4; lastKnownFileType = sourcecode.c.h; path = "NimbusCore+Additions.h"; sourceTree = "<group>"; };
		846F323E163649B80018D664 /* NimbusCore+Namespace.h */ = {isa = PBXFileReference; fileEncoding = 4; lastKnownFileType = sourcecode.c.h; path = "NimbusCore+Namespace.h"; sourceTree = "<group>"; };
		846F323F163649B80018D664 /* NimbusCore.h */ = {isa = PBXFileReference; fileEncoding = 4; lastKnownFileType = sourcecode.c.h; path = NimbusCore.h; sourceTree = "<group>"; };
		846F3240163649B80018D664 /* NINavigationAppearance.h */ = {isa = PBXFileReference; fileEncoding = 4; lastKnownFileType = sourcecode.c.h; path = NINavigationAppearance.h; sourceTree = "<group>"; };
		846F3241163649B80018D664 /* NINavigationAppearance.m */ = {isa = PBXFileReference; fileEncoding = 4; lastKnownFileType = sourcecode.c.objc; path = NINavigationAppearance.m; sourceTree = "<group>"; };
		846F3242163649B80018D664 /* NINetworkActivity.h */ = {isa = PBXFileReference; fileEncoding = 4; lastKnownFileType = sourcecode.c.h; path = NINetworkActivity.h; sourceTree = "<group>"; };
		846F3243163649B80018D664 /* NINetworkActivity.m */ = {isa = PBXFileReference; fileEncoding = 4; lastKnownFileType = sourcecode.c.objc; path = NINetworkActivity.m; sourceTree = "<group>"; };
		846F3244163649B80018D664 /* NINonEmptyCollectionTesting.h */ = {isa = PBXFileReference; fileEncoding = 4; lastKnownFileType = sourcecode.c.h; path = NINonEmptyCollectionTesting.h; sourceTree = "<group>"; };
		846F3245163649B80018D664 /* NINonEmptyCollectionTesting.m */ = {isa = PBXFileReference; fileEncoding = 4; lastKnownFileType = sourcecode.c.objc; path = NINonEmptyCollectionTesting.m; sourceTree = "<group>"; };
		846F3246163649B80018D664 /* NINonRetainingCollections.h */ = {isa = PBXFileReference; fileEncoding = 4; lastKnownFileType = sourcecode.c.h; path = NINonRetainingCollections.h; sourceTree = "<group>"; };
		846F3247163649B80018D664 /* NINonRetainingCollections.m */ = {isa = PBXFileReference; fileEncoding = 4; lastKnownFileType = sourcecode.c.objc; path = NINonRetainingCollections.m; sourceTree = "<group>"; };
		846F3248163649B80018D664 /* NIOperations+Subclassing.h */ = {isa = PBXFileReference; fileEncoding = 4; lastKnownFileType = sourcecode.c.h; path = "NIOperations+Subclassing.h"; sourceTree = "<group>"; };
		846F3249163649B80018D664 /* NIOperations.h */ = {isa = PBXFileReference; fileEncoding = 4; lastKnownFileType = sourcecode.c.h; path = NIOperations.h; sourceTree = "<group>"; };
		846F324A163649B80018D664 /* NIOperations.m */ = {isa = PBXFileReference; fileEncoding = 4; lastKnownFileType = sourcecode.c.objc; path = NIOperations.m; sourceTree = "<group>"; };
		846F324B163649B80018D664 /* NIPaths.h */ = {isa = PBXFileReference; fileEncoding = 4; lastKnownFileType = sourcecode.c.h; path = NIPaths.h; sourceTree = "<group>"; };
		846F324C163649B80018D664 /* NIPaths.m */ = {isa = PBXFileReference; fileEncoding = 4; lastKnownFileType = sourcecode.c.objc; path = NIPaths.m; sourceTree = "<group>"; };
		846F324D163649B80018D664 /* NIPreprocessorMacros.h */ = {isa = PBXFileReference; fileEncoding = 4; lastKnownFileType = sourcecode.c.h; path = NIPreprocessorMacros.h; sourceTree = "<group>"; };
		846F324E163649B80018D664 /* NIRuntimeClassModifications.h */ = {isa = PBXFileReference; fileEncoding = 4; lastKnownFileType = sourcecode.c.h; path = NIRuntimeClassModifications.h; sourceTree = "<group>"; };
		846F324F163649B80018D664 /* NIRuntimeClassModifications.m */ = {isa = PBXFileReference; fileEncoding = 4; lastKnownFileType = sourcecode.c.objc; path = NIRuntimeClassModifications.m; sourceTree = "<group>"; };
		846F3250163649B80018D664 /* NISDKAvailability.h */ = {isa = PBXFileReference; fileEncoding = 4; lastKnownFileType = sourcecode.c.h; path = NISDKAvailability.h; sourceTree = "<group>"; };
		846F3251163649B80018D664 /* NISDKAvailability.m */ = {isa = PBXFileReference; fileEncoding = 4; lastKnownFileType = sourcecode.c.objc; path = NISDKAvailability.m; sourceTree = "<group>"; };
		846F3252163649B80018D664 /* NISnapshotRotation.h */ = {isa = PBXFileReference; fileEncoding = 4; lastKnownFileType = sourcecode.c.h; path = NISnapshotRotation.h; sourceTree = "<group>"; };
		846F3253163649B80018D664 /* NISnapshotRotation.m */ = {isa = PBXFileReference; fileEncoding = 4; lastKnownFileType = sourcecode.c.objc; path = NISnapshotRotation.m; sourceTree = "<group>"; };
		846F3254163649B80018D664 /* NIState.h */ = {isa = PBXFileReference; fileEncoding = 4; lastKnownFileType = sourcecode.c.h; path = NIState.h; sourceTree = "<group>"; };
		846F3255163649B80018D664 /* NIState.m */ = {isa = PBXFileReference; fileEncoding = 4; lastKnownFileType = sourcecode.c.objc; path = NIState.m; sourceTree = "<group>"; };
		846F3256163649B80018D664 /* NIViewRecycler.h */ = {isa = PBXFileReference; fileEncoding = 4; lastKnownFileType = sourcecode.c.h; path = NIViewRecycler.h; sourceTree = "<group>"; };
		846F3257163649B80018D664 /* NIViewRecycler.m */ = {isa = PBXFileReference; fileEncoding = 4; lastKnownFileType = sourcecode.c.objc; path = NIViewRecycler.m; sourceTree = "<group>"; };
		846F3258163649B80018D664 /* NSString+NimbusCore.h */ = {isa = PBXFileReference; fileEncoding = 4; lastKnownFileType = sourcecode.c.h; path = "NSString+NimbusCore.h"; sourceTree = "<group>"; };
		846F3259163649B80018D664 /* NSString+NimbusCore.m */ = {isa = PBXFileReference; fileEncoding = 4; lastKnownFileType = sourcecode.c.objc; path = "NSString+NimbusCore.m"; sourceTree = "<group>"; };
		846F328D16364B0D0018D664 /* CoreText.framework */ = {isa = PBXFileReference; lastKnownFileType = wrapper.framework; name = CoreText.framework; path = System/Library/Frameworks/CoreText.framework; sourceTree = SDKROOT; };
		846F3295163653150018D664 /* PrettyCustomViewTableViewCell.h */ = {isa = PBXFileReference; fileEncoding = 4; lastKnownFileType = sourcecode.c.h; path = PrettyCustomViewTableViewCell.h; sourceTree = "<group>"; };
		846F3296163653150018D664 /* PrettyCustomViewTableViewCell.m */ = {isa = PBXFileReference; fileEncoding = 4; lastKnownFileType = sourcecode.c.objc; path = PrettyCustomViewTableViewCell.m; sourceTree = "<group>"; };
		846F3297163653150018D664 /* PrettyGridTableViewCell.h */ = {isa = PBXFileReference; fileEncoding = 4; lastKnownFileType = sourcecode.c.h; path = PrettyGridTableViewCell.h; sourceTree = "<group>"; };
		846F3298163653150018D664 /* PrettyGridTableViewCell.m */ = {isa = PBXFileReference; fileEncoding = 4; lastKnownFileType = sourcecode.c.objc; path = PrettyGridTableViewCell.m; sourceTree = "<group>"; };
		846F3299163653150018D664 /* PrettySegmentedControlTableViewCell.h */ = {isa = PBXFileReference; fileEncoding = 4; lastKnownFileType = sourcecode.c.h; path = PrettySegmentedControlTableViewCell.h; sourceTree = "<group>"; };
		846F329A163653150018D664 /* PrettySegmentedControlTableViewCell.m */ = {isa = PBXFileReference; fileEncoding = 4; lastKnownFileType = sourcecode.c.objc; path = PrettySegmentedControlTableViewCell.m; sourceTree = "<group>"; };
		846F329B163653150018D664 /* PrettyTableViewCell.h */ = {isa = PBXFileReference; fileEncoding = 4; lastKnownFileType = sourcecode.c.h; path = PrettyTableViewCell.h; sourceTree = "<group>"; };
		846F329C163653150018D664 /* PrettyTableViewCell.m */ = {isa = PBXFileReference; fileEncoding = 4; lastKnownFileType = sourcecode.c.objc; path = PrettyTableViewCell.m; sourceTree = "<group>"; };
		846F329D163653150018D664 /* PrettyDrawing.h */ = {isa = PBXFileReference; fileEncoding = 4; lastKnownFileType = sourcecode.c.h; path = PrettyDrawing.h; sourceTree = "<group>"; };
		846F329E163653150018D664 /* PrettyDrawing.m */ = {isa = PBXFileReference; fileEncoding = 4; lastKnownFileType = sourcecode.c.objc; path = PrettyDrawing.m; sourceTree = "<group>"; };
		846F329F163653150018D664 /* PrettyKit.h */ = {isa = PBXFileReference; fileEncoding = 4; lastKnownFileType = sourcecode.c.h; path = PrettyKit.h; sourceTree = "<group>"; };
		846F32A0163653150018D664 /* PrettyNavigationBar.h */ = {isa = PBXFileReference; fileEncoding = 4; lastKnownFileType = sourcecode.c.h; path = PrettyNavigationBar.h; sourceTree = "<group>"; };
		846F32A1163653150018D664 /* PrettyNavigationBar.m */ = {isa = PBXFileReference; fileEncoding = 4; lastKnownFileType = sourcecode.c.objc; path = PrettyNavigationBar.m; sourceTree = "<group>"; };
		846F32A2163653150018D664 /* PrettyShadowPlainTableview.h */ = {isa = PBXFileReference; fileEncoding = 4; lastKnownFileType = sourcecode.c.h; path = PrettyShadowPlainTableview.h; sourceTree = "<group>"; };
		846F32A3163653150018D664 /* PrettyShadowPlainTableview.m */ = {isa = PBXFileReference; fileEncoding = 4; lastKnownFileType = sourcecode.c.objc; path = PrettyShadowPlainTableview.m; sourceTree = "<group>"; };
		846F32A4163653150018D664 /* PrettyTabBar.h */ = {isa = PBXFileReference; fileEncoding = 4; lastKnownFileType = sourcecode.c.h; path = PrettyTabBar.h; sourceTree = "<group>"; };
		846F32A5163653150018D664 /* PrettyTabBar.m */ = {isa = PBXFileReference; fileEncoding = 4; lastKnownFileType = sourcecode.c.objc; path = PrettyTabBar.m; sourceTree = "<group>"; };
		846F32A6163653150018D664 /* PrettyToolbar.h */ = {isa = PBXFileReference; fileEncoding = 4; lastKnownFileType = sourcecode.c.h; path = PrettyToolbar.h; sourceTree = "<group>"; };
		846F32A7163653150018D664 /* PrettyToolbar.m */ = {isa = PBXFileReference; fileEncoding = 4; lastKnownFileType = sourcecode.c.objc; path = PrettyToolbar.m; sourceTree = "<group>"; };
		846F32CE163688A70018D664 /* white-border@2x.png */ = {isa = PBXFileReference; lastKnownFileType = image.png; path = "white-border@2x.png"; sourceTree = "<group>"; };
		846F32CF163688A70018D664 /* white-border.png */ = {isa = PBXFileReference; lastKnownFileType = image.png; path = "white-border.png"; sourceTree = "<group>"; };
		8476F4CE1632F26800AEF3AE /* AFPhotoEditorContext.h */ = {isa = PBXFileReference; fileEncoding = 4; lastKnownFileType = sourcecode.c.h; path = AFPhotoEditorContext.h; sourceTree = "<group>"; };
		8476F4CF1632F26800AEF3AE /* AFPhotoEditorController.h */ = {isa = PBXFileReference; fileEncoding = 4; lastKnownFileType = sourcecode.c.h; path = AFPhotoEditorController.h; sourceTree = "<group>"; };
		8476F4D01632F26800AEF3AE /* AFPhotoEditorControllerOptions.h */ = {isa = PBXFileReference; fileEncoding = 4; lastKnownFileType = sourcecode.c.h; path = AFPhotoEditorControllerOptions.h; sourceTree = "<group>"; };
		8476F4D11632F26800AEF3AE /* AFPhotoEditorSession.h */ = {isa = PBXFileReference; fileEncoding = 4; lastKnownFileType = sourcecode.c.h; path = AFPhotoEditorSession.h; sourceTree = "<group>"; };
		8476F4D21632F26800AEF3AE /* AFPhotoEditorStyle.h */ = {isa = PBXFileReference; fileEncoding = 4; lastKnownFileType = sourcecode.c.h; path = AFPhotoEditorStyle.h; sourceTree = "<group>"; };
		8476F4D31632F26800AEF3AE /* libAviarySDK.a */ = {isa = PBXFileReference; lastKnownFileType = archive.ar; path = libAviarySDK.a; sourceTree = "<group>"; };
		8476F4D51632F26800AEF3AE /* AviarySDKResources.bundle */ = {isa = PBXFileReference; lastKnownFileType = "wrapper.plug-in"; path = AviarySDKResources.bundle; sourceTree = "<group>"; };
		8476F4D91632F28C00AEF3AE /* QuartzCore.framework */ = {isa = PBXFileReference; lastKnownFileType = wrapper.framework; name = QuartzCore.framework; path = System/Library/Frameworks/QuartzCore.framework; sourceTree = SDKROOT; };
		8476F4DB1632F29300AEF3AE /* Accelerate.framework */ = {isa = PBXFileReference; lastKnownFileType = wrapper.framework; name = Accelerate.framework; path = System/Library/Frameworks/Accelerate.framework; sourceTree = SDKROOT; };
		8476F4DD1632F29900AEF3AE /* StoreKit.framework */ = {isa = PBXFileReference; lastKnownFileType = wrapper.framework; name = StoreKit.framework; path = System/Library/Frameworks/StoreKit.framework; sourceTree = SDKROOT; };
		8476F4DF1632F2A000AEF3AE /* libz.1.2.5.dylib */ = {isa = PBXFileReference; lastKnownFileType = "compiled.mach-o.dylib"; name = libz.1.2.5.dylib; path = usr/lib/libz.1.2.5.dylib; sourceTree = SDKROOT; };
		8476F4E11632F2A700AEF3AE /* libsqlite3.0.dylib */ = {isa = PBXFileReference; lastKnownFileType = "compiled.mach-o.dylib"; name = libsqlite3.0.dylib; path = usr/lib/libsqlite3.0.dylib; sourceTree = SDKROOT; };
		8476F4E31632F2AD00AEF3AE /* CoreData.framework */ = {isa = PBXFileReference; lastKnownFileType = wrapper.framework; name = CoreData.framework; path = System/Library/Frameworks/CoreData.framework; sourceTree = SDKROOT; };
		8476F4E51632F35100AEF3AE /* AFSubPhotoEditorViewController.h */ = {isa = PBXFileReference; fileEncoding = 4; lastKnownFileType = sourcecode.c.h; path = AFSubPhotoEditorViewController.h; sourceTree = "<group>"; };
		8476F4E61632F35100AEF3AE /* AFSubPhotoEditorViewController.m */ = {isa = PBXFileReference; fileEncoding = 4; lastKnownFileType = sourcecode.c.objc; path = AFSubPhotoEditorViewController.m; sourceTree = "<group>"; };
		8476F4E81632F72000AEF3AE /* AssetsLibrary.framework */ = {isa = PBXFileReference; lastKnownFileType = wrapper.framework; name = AssetsLibrary.framework; path = System/Library/Frameworks/AssetsLibrary.framework; sourceTree = SDKROOT; };
		8476F4F2163302FE00AEF3AE /* Social.framework */ = {isa = PBXFileReference; lastKnownFileType = wrapper.framework; name = Social.framework; path = System/Library/Frameworks/Social.framework; sourceTree = SDKROOT; };
		8478CDF41635074F00E950A9 /* ImageIO.framework */ = {isa = PBXFileReference; lastKnownFileType = wrapper.framework; name = ImageIO.framework; path = System/Library/Frameworks/ImageIO.framework; sourceTree = SDKROOT; };
		8478CDF616350DB100E950A9 /* ExploreCell.h */ = {isa = PBXFileReference; fileEncoding = 4; lastKnownFileType = sourcecode.c.h; path = ExploreCell.h; sourceTree = "<group>"; };
		8478CDF716350DB100E950A9 /* ExploreCell.m */ = {isa = PBXFileReference; fileEncoding = 4; lastKnownFileType = sourcecode.c.objc; path = ExploreCell.m; sourceTree = "<group>"; };
		8478CDFD1635329500E950A9 /* DescriptionClass.h */ = {isa = PBXFileReference; fileEncoding = 4; lastKnownFileType = sourcecode.c.h; path = DescriptionClass.h; sourceTree = "<group>"; };
		8478CDFE1635329500E950A9 /* DescriptionClass.m */ = {isa = PBXFileReference; fileEncoding = 4; lastKnownFileType = sourcecode.c.objc; path = DescriptionClass.m; sourceTree = "<group>"; };
		8478CDFF1635329500E950A9 /* Entities.h */ = {isa = PBXFileReference; fileEncoding = 4; lastKnownFileType = sourcecode.c.h; path = Entities.h; sourceTree = "<group>"; };
		8478CE001635329500E950A9 /* Entities.m */ = {isa = PBXFileReference; fileEncoding = 4; lastKnownFileType = sourcecode.c.objc; path = Entities.m; sourceTree = "<group>"; };
		8478CE011635329500E950A9 /* Hashtags.h */ = {isa = PBXFileReference; fileEncoding = 4; lastKnownFileType = sourcecode.c.h; path = Hashtags.h; sourceTree = "<group>"; };
		8478CE021635329500E950A9 /* Hashtags.m */ = {isa = PBXFileReference; fileEncoding = 4; lastKnownFileType = sourcecode.c.objc; path = Hashtags.m; sourceTree = "<group>"; };
		8478CE031635329500E950A9 /* Metadata.h */ = {isa = PBXFileReference; fileEncoding = 4; lastKnownFileType = sourcecode.c.h; path = Metadata.h; sourceTree = "<group>"; };
		8478CE041635329500E950A9 /* Metadata.m */ = {isa = PBXFileReference; fileEncoding = 4; lastKnownFileType = sourcecode.c.objc; path = Metadata.m; sourceTree = "<group>"; };
		8478CE051635329500E950A9 /* SearchMetadata.h */ = {isa = PBXFileReference; fileEncoding = 4; lastKnownFileType = sourcecode.c.h; path = SearchMetadata.h; sourceTree = "<group>"; };
		8478CE061635329500E950A9 /* SearchMetadata.m */ = {isa = PBXFileReference; fileEncoding = 4; lastKnownFileType = sourcecode.c.objc; path = SearchMetadata.m; sourceTree = "<group>"; };
		8478CE071635329500E950A9 /* Statuses.h */ = {isa = PBXFileReference; fileEncoding = 4; lastKnownFileType = sourcecode.c.h; path = Statuses.h; sourceTree = "<group>"; };
		8478CE081635329500E950A9 /* Statuses.m */ = {isa = PBXFileReference; fileEncoding = 4; lastKnownFileType = sourcecode.c.objc; path = Statuses.m; sourceTree = "<group>"; };
		8478CE091635329500E950A9 /* TweetObject.h */ = {isa = PBXFileReference; fileEncoding = 4; lastKnownFileType = sourcecode.c.h; path = TweetObject.h; sourceTree = "<group>"; };
		8478CE0A1635329500E950A9 /* TweetObject.m */ = {isa = PBXFileReference; fileEncoding = 4; lastKnownFileType = sourcecode.c.objc; path = TweetObject.m; sourceTree = "<group>"; };
		8478CE0B1635329500E950A9 /* Url.h */ = {isa = PBXFileReference; fileEncoding = 4; lastKnownFileType = sourcecode.c.h; path = Url.h; sourceTree = "<group>"; };
		8478CE0C1635329500E950A9 /* Url.m */ = {isa = PBXFileReference; fileEncoding = 4; lastKnownFileType = sourcecode.c.objc; path = Url.m; sourceTree = "<group>"; };
		8478CE0D1635329500E950A9 /* Urls.h */ = {isa = PBXFileReference; fileEncoding = 4; lastKnownFileType = sourcecode.c.h; path = Urls.h; sourceTree = "<group>"; };
		8478CE0E1635329500E950A9 /* Urls.m */ = {isa = PBXFileReference; fileEncoding = 4; lastKnownFileType = sourcecode.c.objc; path = Urls.m; sourceTree = "<group>"; };
		8478CE0F1635329500E950A9 /* User.h */ = {isa = PBXFileReference; fileEncoding = 4; lastKnownFileType = sourcecode.c.h; path = User.h; sourceTree = "<group>"; };
		8478CE101635329500E950A9 /* User.m */ = {isa = PBXFileReference; fileEncoding = 4; lastKnownFileType = sourcecode.c.objc; path = User.m; sourceTree = "<group>"; };
		8496900A163390FB004A558F /* TwitterManager.h */ = {isa = PBXFileReference; fileEncoding = 4; lastKnownFileType = sourcecode.c.h; path = TwitterManager.h; sourceTree = "<group>"; };
		8496900B163390FB004A558F /* TwitterManager.m */ = {isa = PBXFileReference; fileEncoding = 4; lastKnownFileType = sourcecode.c.objc; path = TwitterManager.m; sourceTree = "<group>"; };
		8496900E16339421004A558F /* Accounts.framework */ = {isa = PBXFileReference; lastKnownFileType = wrapper.framework; name = Accounts.framework; path = System/Library/Frameworks/Accounts.framework; sourceTree = SDKROOT; };
		84CE05E01632C91400271541 /* backbutton.png */ = {isa = PBXFileReference; lastKnownFileType = image.png; path = backbutton.png; sourceTree = "<group>"; };
		84CE05E11632C91400271541 /* backbutton@2x.png */ = {isa = PBXFileReference; lastKnownFileType = image.png; path = "backbutton@2x.png"; sourceTree = "<group>"; };
		84CE05E21632C91400271541 /* barbutton.png */ = {isa = PBXFileReference; lastKnownFileType = image.png; path = barbutton.png; sourceTree = "<group>"; };
		84CE05E31632C91400271541 /* barbutton@2x.png */ = {isa = PBXFileReference; lastKnownFileType = image.png; path = "barbutton@2x.png"; sourceTree = "<group>"; };
		84CE05E41632C91400271541 /* Camera.png */ = {isa = PBXFileReference; lastKnownFileType = image.png; path = Camera.png; sourceTree = "<group>"; };
		84CE05E51632C91400271541 /* Camera@2x.png */ = {isa = PBXFileReference; lastKnownFileType = image.png; path = "Camera@2x.png"; sourceTree = "<group>"; };
		84CE05E61632C91400271541 /* edit_background.png */ = {isa = PBXFileReference; lastKnownFileType = image.png; path = edit_background.png; sourceTree = "<group>"; };
		84CE05E71632C91400271541 /* edit_background@2x.png */ = {isa = PBXFileReference; lastKnownFileType = image.png; path = "edit_background@2x.png"; sourceTree = "<group>"; };
		84CE05E81632C91400271541 /* edit_photo-active.png */ = {isa = PBXFileReference; lastKnownFileType = image.png; path = "edit_photo-active.png"; sourceTree = "<group>"; };
		84CE05E91632C91400271541 /* edit_photo-active@2x.png */ = {isa = PBXFileReference; lastKnownFileType = image.png; path = "edit_photo-active@2x.png"; sourceTree = "<group>"; };
		84CE05EA1632C91400271541 /* edit_photo-inactive.png */ = {isa = PBXFileReference; lastKnownFileType = image.png; path = "edit_photo-inactive.png"; sourceTree = "<group>"; };
		84CE05EB1632C91400271541 /* edit_photo-inactive@2x.png */ = {isa = PBXFileReference; lastKnownFileType = image.png; path = "edit_photo-inactive@2x.png"; sourceTree = "<group>"; };
		84CE05EC1632C91400271541 /* explore-active.png */ = {isa = PBXFileReference; lastKnownFileType = image.png; path = "explore-active.png"; sourceTree = "<group>"; };
		84CE05ED1632C91400271541 /* explore-active@2x.png */ = {isa = PBXFileReference; lastKnownFileType = image.png; path = "explore-active@2x.png"; sourceTree = "<group>"; };
		84CE05EE1632C91400271541 /* explore-inactive.png */ = {isa = PBXFileReference; lastKnownFileType = image.png; path = "explore-inactive.png"; sourceTree = "<group>"; };
		84CE05EF1632C91400271541 /* explore-inactive@2x.png */ = {isa = PBXFileReference; lastKnownFileType = image.png; path = "explore-inactive@2x.png"; sourceTree = "<group>"; };
		84CE05F01632C91400271541 /* navbar.png */ = {isa = PBXFileReference; lastKnownFileType = image.png; path = navbar.png; sourceTree = "<group>"; };
		84CE05F11632C91400271541 /* navbar@2x.png */ = {isa = PBXFileReference; lastKnownFileType = image.png; path = "navbar@2x.png"; sourceTree = "<group>"; };
		84CE05F21632C91400271541 /* PhotoAblum.png */ = {isa = PBXFileReference; lastKnownFileType = image.png; path = PhotoAblum.png; sourceTree = "<group>"; };
		84CE05F31632C91400271541 /* PhotoAblum@2x.png */ = {isa = PBXFileReference; lastKnownFileType = image.png; path = "PhotoAblum@2x.png"; sourceTree = "<group>"; };
		84CE05F41632C91400271541 /* tab-background.png */ = {isa = PBXFileReference; lastKnownFileType = image.png; path = "tab-background.png"; sourceTree = "<group>"; };
		84CE05F51632C91400271541 /* tab-background@2x.png */ = {isa = PBXFileReference; lastKnownFileType = image.png; path = "tab-background@2x.png"; sourceTree = "<group>"; };
		84CE06181632CB3700271541 /* CustomTabBar.h */ = {isa = PBXFileReference; fileEncoding = 4; lastKnownFileType = sourcecode.c.h; path = CustomTabBar.h; sourceTree = "<group>"; };
		84CE06191632CB3700271541 /* CustomTabBar.m */ = {isa = PBXFileReference; fileEncoding = 4; lastKnownFileType = sourcecode.c.objc; path = CustomTabBar.m; sourceTree = "<group>"; };
		84CE061B1632CF3400271541 /* Vollkorn-Bold.ttf */ = {isa = PBXFileReference; lastKnownFileType = file; path = "Vollkorn-Bold.ttf"; sourceTree = "<group>"; };
		84CE061C1632CF3400271541 /* Vollkorn-BoldItalic.ttf */ = {isa = PBXFileReference; lastKnownFileType = file; path = "Vollkorn-BoldItalic.ttf"; sourceTree = "<group>"; };
		84CE061D1632CF3400271541 /* Vollkorn-Italic.ttf */ = {isa = PBXFileReference; lastKnownFileType = file; path = "Vollkorn-Italic.ttf"; sourceTree = "<group>"; };
		84CE061E1632CF3400271541 /* Vollkorn-Regular.ttf */ = {isa = PBXFileReference; lastKnownFileType = file; path = "Vollkorn-Regular.ttf"; sourceTree = "<group>"; };
		84DB74901638CF3100FC07F5 /* DetailImageCell.h */ = {isa = PBXFileReference; fileEncoding = 4; lastKnownFileType = sourcecode.c.h; path = DetailImageCell.h; sourceTree = "<group>"; };
		84DB74911638CF3100FC07F5 /* DetailImageCell.m */ = {isa = PBXFileReference; fileEncoding = 4; lastKnownFileType = sourcecode.c.objc; path = DetailImageCell.m; sourceTree = "<group>"; };
		84DB74941638CF6200FC07F5 /* DetailStatusCell.m */ = {isa = PBXFileReference; fileEncoding = 4; lastKnownFileType = sourcecode.c.objc; path = DetailStatusCell.m; sourceTree = "<group>"; };
		84E08751163553E9005E3D58 /* AFHTTPClient.h */ = {isa = PBXFileReference; fileEncoding = 4; lastKnownFileType = sourcecode.c.h; path = AFHTTPClient.h; sourceTree = "<group>"; };
		84E08752163553E9005E3D58 /* AFHTTPClient.m */ = {isa = PBXFileReference; fileEncoding = 4; lastKnownFileType = sourcecode.c.objc; path = AFHTTPClient.m; sourceTree = "<group>"; };
		84E08753163553E9005E3D58 /* AFHTTPRequestOperation.h */ = {isa = PBXFileReference; fileEncoding = 4; lastKnownFileType = sourcecode.c.h; path = AFHTTPRequestOperation.h; sourceTree = "<group>"; };
		84E08754163553E9005E3D58 /* AFHTTPRequestOperation.m */ = {isa = PBXFileReference; fileEncoding = 4; lastKnownFileType = sourcecode.c.objc; path = AFHTTPRequestOperation.m; sourceTree = "<group>"; };
		84E08755163553E9005E3D58 /* AFImageRequestOperation.h */ = {isa = PBXFileReference; fileEncoding = 4; lastKnownFileType = sourcecode.c.h; path = AFImageRequestOperation.h; sourceTree = "<group>"; };
		84E08756163553E9005E3D58 /* AFImageRequestOperation.m */ = {isa = PBXFileReference; fileEncoding = 4; lastKnownFileType = sourcecode.c.objc; path = AFImageRequestOperation.m; sourceTree = "<group>"; };
		84E08757163553E9005E3D58 /* AFJSONRequestOperation.h */ = {isa = PBXFileReference; fileEncoding = 4; lastKnownFileType = sourcecode.c.h; path = AFJSONRequestOperation.h; sourceTree = "<group>"; };
		84E08758163553E9005E3D58 /* AFJSONRequestOperation.m */ = {isa = PBXFileReference; fileEncoding = 4; lastKnownFileType = sourcecode.c.objc; path = AFJSONRequestOperation.m; sourceTree = "<group>"; };
		84E08759163553E9005E3D58 /* AFNetworkActivityIndicatorManager.h */ = {isa = PBXFileReference; fileEncoding = 4; lastKnownFileType = sourcecode.c.h; path = AFNetworkActivityIndicatorManager.h; sourceTree = "<group>"; };
		84E0875A163553E9005E3D58 /* AFNetworkActivityIndicatorManager.m */ = {isa = PBXFileReference; fileEncoding = 4; lastKnownFileType = sourcecode.c.objc; path = AFNetworkActivityIndicatorManager.m; sourceTree = "<group>"; };
		84E0875B163553E9005E3D58 /* AFNetworking.h */ = {isa = PBXFileReference; fileEncoding = 4; lastKnownFileType = sourcecode.c.h; path = AFNetworking.h; sourceTree = "<group>"; };
		84E0875C163553E9005E3D58 /* AFPropertyListRequestOperation.h */ = {isa = PBXFileReference; fileEncoding = 4; lastKnownFileType = sourcecode.c.h; path = AFPropertyListRequestOperation.h; sourceTree = "<group>"; };
		84E0875D163553E9005E3D58 /* AFPropertyListRequestOperation.m */ = {isa = PBXFileReference; fileEncoding = 4; lastKnownFileType = sourcecode.c.objc; path = AFPropertyListRequestOperation.m; sourceTree = "<group>"; };
		84E0875E163553E9005E3D58 /* AFURLConnectionOperation.h */ = {isa = PBXFileReference; fileEncoding = 4; lastKnownFileType = sourcecode.c.h; path = AFURLConnectionOperation.h; sourceTree = "<group>"; };
		84E0875F163553E9005E3D58 /* AFURLConnectionOperation.m */ = {isa = PBXFileReference; fileEncoding = 4; lastKnownFileType = sourcecode.c.objc; path = AFURLConnectionOperation.m; sourceTree = "<group>"; };
		84E08760163553E9005E3D58 /* AFXMLRequestOperation.h */ = {isa = PBXFileReference; fileEncoding = 4; lastKnownFileType = sourcecode.c.h; path = AFXMLRequestOperation.h; sourceTree = "<group>"; };
		84E08761163553E9005E3D58 /* AFXMLRequestOperation.m */ = {isa = PBXFileReference; fileEncoding = 4; lastKnownFileType = sourcecode.c.objc; path = AFXMLRequestOperation.m; sourceTree = "<group>"; };
		84E08762163553E9005E3D58 /* UIImageView+AFNetworking.h */ = {isa = PBXFileReference; fileEncoding = 4; lastKnownFileType = sourcecode.c.h; path = "UIImageView+AFNetworking.h"; sourceTree = "<group>"; };
		84E08763163553E9005E3D58 /* UIImageView+AFNetworking.m */ = {isa = PBXFileReference; fileEncoding = 4; lastKnownFileType = sourcecode.c.objc; path = "UIImageView+AFNetworking.m"; sourceTree = "<group>"; };
		84E0876D163555CA005E3D58 /* MobileCoreServices.framework */ = {isa = PBXFileReference; lastKnownFileType = wrapper.framework; name = MobileCoreServices.framework; path = System/Library/Frameworks/MobileCoreServices.framework; sourceTree = SDKROOT; };
		84E0876F163555CF005E3D58 /* SystemConfiguration.framework */ = {isa = PBXFileReference; lastKnownFileType = wrapper.framework; name = SystemConfiguration.framework; path = System/Library/Frameworks/SystemConfiguration.framework; sourceTree = SDKROOT; };
/* End PBXFileReference section */

/* Begin PBXFrameworksBuildPhase section */
		84422AB9162A87FF0077E6D5 /* Frameworks */ = {
			isa = PBXFrameworksBuildPhase;
			buildActionMask = 2147483647;
			files = (
				846F328E16364B0D0018D664 /* CoreText.framework in Frameworks */,
				84E0877616355B2F005E3D58 /* MobileCoreServices.framework in Frameworks */,
				84E08770163555CF005E3D58 /* SystemConfiguration.framework in Frameworks */,
				8496900F16339421004A558F /* Accounts.framework in Frameworks */,
				842486AE16336A4100EC3C0A /* MapKit.framework in Frameworks */,
				842486AB16336A3C00EC3C0A /* CoreLocation.framework in Frameworks */,
				8476F4F3163302FE00AEF3AE /* Social.framework in Frameworks */,
				8476F4E91632F72000AEF3AE /* AssetsLibrary.framework in Frameworks */,
				8476F4E41632F2AD00AEF3AE /* CoreData.framework in Frameworks */,
				8476F4E21632F2A700AEF3AE /* libsqlite3.0.dylib in Frameworks */,
				8476F4E01632F2A000AEF3AE /* libz.1.2.5.dylib in Frameworks */,
				8476F4DE1632F29900AEF3AE /* StoreKit.framework in Frameworks */,
				8476F4DC1632F29300AEF3AE /* Accelerate.framework in Frameworks */,
				8476F4DA1632F28C00AEF3AE /* QuartzCore.framework in Frameworks */,
				84422AC1162A87FF0077E6D5 /* UIKit.framework in Frameworks */,
				84422AC3162A87FF0077E6D5 /* Foundation.framework in Frameworks */,
				84422AC5162A87FF0077E6D5 /* CoreGraphics.framework in Frameworks */,
				8476F4D61632F26800AEF3AE /* libAviarySDK.a in Frameworks */,
			);
			runOnlyForDeploymentPostprocessing = 0;
		};
/* End PBXFrameworksBuildPhase section */

/* Begin PBXGroup section */
		84422AB1162A87FF0077E6D5 = {
			isa = PBXGroup;
			children = (
				84422AC6162A87FF0077E6D5 /* InstaFood */,
				84422ABF162A87FF0077E6D5 /* Frameworks */,
				84422ABD162A87FF0077E6D5 /* Products */,
			);
			sourceTree = "<group>";
		};
		84422ABD162A87FF0077E6D5 /* Products */ = {
			isa = PBXGroup;
			children = (
				84422ABC162A87FF0077E6D5 /* InstaFood.app */,
			);
			name = Products;
			sourceTree = "<group>";
		};
		84422ABF162A87FF0077E6D5 /* Frameworks */ = {
			isa = PBXGroup;
			children = (
				846F328D16364B0D0018D664 /* CoreText.framework */,
				84E0876F163555CF005E3D58 /* SystemConfiguration.framework */,
				84E0876D163555CA005E3D58 /* MobileCoreServices.framework */,
				8478CDF41635074F00E950A9 /* ImageIO.framework */,
				8496900E16339421004A558F /* Accounts.framework */,
				842486AD16336A4000EC3C0A /* MapKit.framework */,
				842486AA16336A3C00EC3C0A /* CoreLocation.framework */,
				8476F4F2163302FE00AEF3AE /* Social.framework */,
				8476F4E81632F72000AEF3AE /* AssetsLibrary.framework */,
				8476F4E31632F2AD00AEF3AE /* CoreData.framework */,
				8476F4E11632F2A700AEF3AE /* libsqlite3.0.dylib */,
				8476F4DF1632F2A000AEF3AE /* libz.1.2.5.dylib */,
				8476F4DD1632F29900AEF3AE /* StoreKit.framework */,
				8476F4DB1632F29300AEF3AE /* Accelerate.framework */,
				8476F4D91632F28C00AEF3AE /* QuartzCore.framework */,
				84422AC0162A87FF0077E6D5 /* UIKit.framework */,
				84422AC2162A87FF0077E6D5 /* Foundation.framework */,
				84422AC4162A87FF0077E6D5 /* CoreGraphics.framework */,
			);
			name = Frameworks;
			sourceTree = "<group>";
		};
		84422AC6162A87FF0077E6D5 /* InstaFood */ = {
			isa = PBXGroup;
			children = (
				846F3293163653150018D664 /* PrettyKit */,
				846F322A163649B80018D664 /* core */,
				846F32071636492E0018D664 /* attributedlabel */,
				846F32131636492E0018D664 /* webcontroller */,
				84E08750163553E9005E3D58 /* AFNetworking */,
				8476F4CC1632F26800AEF3AE /* AviarySDK */,
				84422ACF162A87FF0077E6D5 /* AppDelegate.h */,
				84422AD0162A87FF0077E6D5 /* AppDelegate.m */,
				8496900A163390FB004A558F /* TwitterManager.h */,
				8496900B163390FB004A558F /* TwitterManager.m */,
				84422AD8162A87FF0077E6D5 /* MainStoryboard.storyboard */,
				84CE06181632CB3700271541 /* CustomTabBar.h */,
				84CE06191632CB3700271541 /* CustomTabBar.m */,
				84422ADB162A87FF0077E6D5 /* EditPhotoViewController.h */,
				84422ADC162A87FF0077E6D5 /* EditPhotoViewController.m */,
				8476F4E51632F35100AEF3AE /* AFSubPhotoEditorViewController.h */,
				8476F4E61632F35100AEF3AE /* AFSubPhotoEditorViewController.m */,
				842486AF163370DA00EC3C0A /* ExploreViewController.h */,
				842486B0163370DA00EC3C0A /* ExploreViewController.m */,
				846CE6B316382C2700EA6105 /* DetailViewController.h */,
				846CE6B416382C2700EA6105 /* DetailViewController.m */,
				8478CDF616350DB100E950A9 /* ExploreCell.h */,
				8478CDF716350DB100E950A9 /* ExploreCell.m */,
				840E19F01638C0A90037039E /* DetailStatusCell.h */,
				84DB74941638CF6200FC07F5 /* DetailStatusCell.m */,
				84DB74901638CF3100FC07F5 /* DetailImageCell.h */,
				84DB74911638CF3100FC07F5 /* DetailImageCell.m */,
				84969010163395D4004A558F /* Objects */,
				84422AC7162A87FF0077E6D5 /* Supporting Files */,
			);
			path = InstaFood;
			sourceTree = "<group>";
		};
		84422AC7162A87FF0077E6D5 /* Supporting Files */ = {
			isa = PBXGroup;
			children = (
				84CE061B1632CF3400271541 /* Vollkorn-Bold.ttf */,
				84CE061C1632CF3400271541 /* Vollkorn-BoldItalic.ttf */,
				84CE061D1632CF3400271541 /* Vollkorn-Italic.ttf */,
				84CE061E1632CF3400271541 /* Vollkorn-Regular.ttf */,
				84CE05DF1632C91400271541 /* Images */,
				84422AE3162A88360077E6D5 /* Default-568h@2x.png */,
				84422AE4162A88360077E6D5 /* Default.png */,
				84422AE5162A88360077E6D5 /* Default@2x.png */,
				84422AC8162A87FF0077E6D5 /* InstaFood-Info.plist */,
				84422AC9162A87FF0077E6D5 /* InfoPlist.strings */,
				84422ACC162A87FF0077E6D5 /* main.m */,
				84422ACE162A87FF0077E6D5 /* InstaFood-Prefix.pch */,
			);
			name = "Supporting Files";
			sourceTree = "<group>";
		};
		846F32071636492E0018D664 /* attributedlabel */ = {
			isa = PBXGroup;
			children = (
				846F32091636492E0018D664 /* src */,
			);
			name = attributedlabel;
			path = nimbus/src/attributedlabel;
			sourceTree = SOURCE_ROOT;
		};
		846F32091636492E0018D664 /* src */ = {
			isa = PBXGroup;
			children = (
				846F320A1636492E0018D664 /* NIAttributedLabel.h */,
				846F320B1636492E0018D664 /* NIAttributedLabel.m */,
				846F320C1636492E0018D664 /* NimbusAttributedLabel+Namespace.h */,
				846F320D1636492E0018D664 /* NimbusAttributedLabel.h */,
				846F320E1636492E0018D664 /* NSMutableAttributedString+NimbusAttributedLabel.h */,
				846F320F1636492E0018D664 /* NSMutableAttributedString+NimbusAttributedLabel.m */,
			);
			path = src;
			sourceTree = "<group>";
		};
		846F32131636492E0018D664 /* webcontroller */ = {
			isa = PBXGroup;
			children = (
				846F32151636492E0018D664 /* resources */,
				846F32171636492E0018D664 /* src */,
			);
			name = webcontroller;
			path = nimbus/src/webcontroller;
			sourceTree = SOURCE_ROOT;
		};
		846F32151636492E0018D664 /* resources */ = {
			isa = PBXGroup;
			children = (
				846F32161636492E0018D664 /* NimbusWebController.bundle */,
			);
			path = resources;
			sourceTree = "<group>";
		};
		846F32171636492E0018D664 /* src */ = {
			isa = PBXGroup;
			children = (
				846F32181636492E0018D664 /* NimbusWebController+Namespace.h */,
				846F32191636492E0018D664 /* NimbusWebController.h */,
				846F321A1636492E0018D664 /* NIWebController.h */,
				846F321B1636492E0018D664 /* NIWebController.m */,
			);
			path = src;
			sourceTree = "<group>";
		};
		846F322A163649B80018D664 /* core */ = {
			isa = PBXGroup;
			children = (
				846F322E163649B80018D664 /* src */,
			);
			name = core;
			path = nimbus/src/core;
			sourceTree = SOURCE_ROOT;
		};
		846F322E163649B80018D664 /* src */ = {
			isa = PBXGroup;
			children = (
				846F322F163649B80018D664 /* NICommonMetrics.h */,
				846F3230163649B80018D664 /* NICommonMetrics.m */,
				846F3231163649B80018D664 /* NIDataStructures.h */,
				846F3232163649B80018D664 /* NIDataStructures.m */,
				846F3233163649B80018D664 /* NIDebuggingTools.h */,
				846F3234163649B80018D664 /* NIDebuggingTools.m */,
				846F3235163649B80018D664 /* NIDeviceOrientation.h */,
				846F3236163649B80018D664 /* NIDeviceOrientation.m */,
				846F3237163649B80018D664 /* NIError.h */,
				846F3238163649B80018D664 /* NIError.m */,
				846F3239163649B80018D664 /* NIFoundationMethods.h */,
				846F323A163649B80018D664 /* NIFoundationMethods.m */,
				846F323B163649B80018D664 /* NIInMemoryCache.h */,
				846F323C163649B80018D664 /* NIInMemoryCache.m */,
				846F323D163649B80018D664 /* NimbusCore+Additions.h */,
				846F323E163649B80018D664 /* NimbusCore+Namespace.h */,
				846F323F163649B80018D664 /* NimbusCore.h */,
				846F3240163649B80018D664 /* NINavigationAppearance.h */,
				846F3241163649B80018D664 /* NINavigationAppearance.m */,
				846F3242163649B80018D664 /* NINetworkActivity.h */,
				846F3243163649B80018D664 /* NINetworkActivity.m */,
				846F3244163649B80018D664 /* NINonEmptyCollectionTesting.h */,
				846F3245163649B80018D664 /* NINonEmptyCollectionTesting.m */,
				846F3246163649B80018D664 /* NINonRetainingCollections.h */,
				846F3247163649B80018D664 /* NINonRetainingCollections.m */,
				846F3248163649B80018D664 /* NIOperations+Subclassing.h */,
				846F3249163649B80018D664 /* NIOperations.h */,
				846F324A163649B80018D664 /* NIOperations.m */,
				846F324B163649B80018D664 /* NIPaths.h */,
				846F324C163649B80018D664 /* NIPaths.m */,
				846F324D163649B80018D664 /* NIPreprocessorMacros.h */,
				846F324E163649B80018D664 /* NIRuntimeClassModifications.h */,
				846F324F163649B80018D664 /* NIRuntimeClassModifications.m */,
				846F3250163649B80018D664 /* NISDKAvailability.h */,
				846F3251163649B80018D664 /* NISDKAvailability.m */,
				846F3252163649B80018D664 /* NISnapshotRotation.h */,
				846F3253163649B80018D664 /* NISnapshotRotation.m */,
				846F3254163649B80018D664 /* NIState.h */,
				846F3255163649B80018D664 /* NIState.m */,
				846F3256163649B80018D664 /* NIViewRecycler.h */,
				846F3257163649B80018D664 /* NIViewRecycler.m */,
				846F3258163649B80018D664 /* NSString+NimbusCore.h */,
				846F3259163649B80018D664 /* NSString+NimbusCore.m */,
			);
			path = src;
			sourceTree = "<group>";
		};
		846F3293163653150018D664 /* PrettyKit */ = {
			isa = PBXGroup;
			children = (
				846F3294163653150018D664 /* Cells */,
				846F329D163653150018D664 /* PrettyDrawing.h */,
				846F329E163653150018D664 /* PrettyDrawing.m */,
				846F329F163653150018D664 /* PrettyKit.h */,
				846F32A0163653150018D664 /* PrettyNavigationBar.h */,
				846F32A1163653150018D664 /* PrettyNavigationBar.m */,
				846F32A2163653150018D664 /* PrettyShadowPlainTableview.h */,
				846F32A3163653150018D664 /* PrettyShadowPlainTableview.m */,
				846F32A4163653150018D664 /* PrettyTabBar.h */,
				846F32A5163653150018D664 /* PrettyTabBar.m */,
				846F32A6163653150018D664 /* PrettyToolbar.h */,
				846F32A7163653150018D664 /* PrettyToolbar.m */,
			);
			name = PrettyKit;
			path = PrettyKit/PrettyKit;
			sourceTree = SOURCE_ROOT;
		};
		846F3294163653150018D664 /* Cells */ = {
			isa = PBXGroup;
			children = (
				846F3295163653150018D664 /* PrettyCustomViewTableViewCell.h */,
				846F3296163653150018D664 /* PrettyCustomViewTableViewCell.m */,
				846F3297163653150018D664 /* PrettyGridTableViewCell.h */,
				846F3298163653150018D664 /* PrettyGridTableViewCell.m */,
				846F3299163653150018D664 /* PrettySegmentedControlTableViewCell.h */,
				846F329A163653150018D664 /* PrettySegmentedControlTableViewCell.m */,
				846F329B163653150018D664 /* PrettyTableViewCell.h */,
				846F329C163653150018D664 /* PrettyTableViewCell.m */,
			);
			path = Cells;
			sourceTree = "<group>";
		};
		8476F4CC1632F26800AEF3AE /* AviarySDK */ = {
			isa = PBXGroup;
			children = (
				8476F4CD1632F26800AEF3AE /* Headers */,
				8476F4D31632F26800AEF3AE /* libAviarySDK.a */,
				8476F4D41632F26800AEF3AE /* Resources */,
			);
			name = AviarySDK;
			path = "Mobile-Feather-SDK-for-iOS/AviarySDK";
			sourceTree = SOURCE_ROOT;
		};
		8476F4CD1632F26800AEF3AE /* Headers */ = {
			isa = PBXGroup;
			children = (
				8476F4CE1632F26800AEF3AE /* AFPhotoEditorContext.h */,
				8476F4CF1632F26800AEF3AE /* AFPhotoEditorController.h */,
				8476F4D01632F26800AEF3AE /* AFPhotoEditorControllerOptions.h */,
				8476F4D11632F26800AEF3AE /* AFPhotoEditorSession.h */,
				8476F4D21632F26800AEF3AE /* AFPhotoEditorStyle.h */,
			);
			path = Headers;
			sourceTree = "<group>";
		};
		8476F4D41632F26800AEF3AE /* Resources */ = {
			isa = PBXGroup;
			children = (
				8476F4D51632F26800AEF3AE /* AviarySDKResources.bundle */,
			);
			path = Resources;
			sourceTree = "<group>";
		};
		84969010163395D4004A558F /* Objects */ = {
			isa = PBXGroup;
			children = (
				8478CDFD1635329500E950A9 /* DescriptionClass.h */,
				8478CDFE1635329500E950A9 /* DescriptionClass.m */,
				8478CDFF1635329500E950A9 /* Entities.h */,
				8478CE001635329500E950A9 /* Entities.m */,
				8478CE011635329500E950A9 /* Hashtags.h */,
				8478CE021635329500E950A9 /* Hashtags.m */,
				8478CE031635329500E950A9 /* Metadata.h */,
				8478CE041635329500E950A9 /* Metadata.m */,
				8478CE051635329500E950A9 /* SearchMetadata.h */,
				8478CE061635329500E950A9 /* SearchMetadata.m */,
				8478CE071635329500E950A9 /* Statuses.h */,
				8478CE081635329500E950A9 /* Statuses.m */,
				8478CE091635329500E950A9 /* TweetObject.h */,
				8478CE0A1635329500E950A9 /* TweetObject.m */,
				8478CE0B1635329500E950A9 /* Url.h */,
				8478CE0C1635329500E950A9 /* Url.m */,
				8478CE0D1635329500E950A9 /* Urls.h */,
				8478CE0E1635329500E950A9 /* Urls.m */,
				8478CE0F1635329500E950A9 /* User.h */,
				8478CE101635329500E950A9 /* User.m */,
			);
			name = Objects;
			sourceTree = "<group>";
		};
		84CE05DF1632C91400271541 /* Images */ = {
			isa = PBXGroup;
			children = (
				846F32CE163688A70018D664 /* white-border@2x.png */,
				846F32CF163688A70018D664 /* white-border.png */,
				84CE05E01632C91400271541 /* backbutton.png */,
				84CE05E11632C91400271541 /* backbutton@2x.png */,
				84CE05E21632C91400271541 /* barbutton.png */,
				84CE05E31632C91400271541 /* barbutton@2x.png */,
				84CE05E41632C91400271541 /* Camera.png */,
				84CE05E51632C91400271541 /* Camera@2x.png */,
				84CE05E61632C91400271541 /* edit_background.png */,
				84CE05E71632C91400271541 /* edit_background@2x.png */,
				84CE05E81632C91400271541 /* edit_photo-active.png */,
				84CE05E91632C91400271541 /* edit_photo-active@2x.png */,
				84CE05EA1632C91400271541 /* edit_photo-inactive.png */,
				84CE05EB1632C91400271541 /* edit_photo-inactive@2x.png */,
				84CE05EC1632C91400271541 /* explore-active.png */,
				84CE05ED1632C91400271541 /* explore-active@2x.png */,
				84CE05EE1632C91400271541 /* explore-inactive.png */,
				84CE05EF1632C91400271541 /* explore-inactive@2x.png */,
				84CE05F01632C91400271541 /* navbar.png */,
				84CE05F11632C91400271541 /* navbar@2x.png */,
				84CE05F21632C91400271541 /* PhotoAblum.png */,
				84CE05F31632C91400271541 /* PhotoAblum@2x.png */,
				84CE05F41632C91400271541 /* tab-background.png */,
				84CE05F51632C91400271541 /* tab-background@2x.png */,
			);
			path = Images;
			sourceTree = "<group>";
		};
		84E08750163553E9005E3D58 /* AFNetworking */ = {
			isa = PBXGroup;
			children = (
				84E08751163553E9005E3D58 /* AFHTTPClient.h */,
				84E08752163553E9005E3D58 /* AFHTTPClient.m */,
				84E08753163553E9005E3D58 /* AFHTTPRequestOperation.h */,
				84E08754163553E9005E3D58 /* AFHTTPRequestOperation.m */,
				84E08755163553E9005E3D58 /* AFImageRequestOperation.h */,
				84E08756163553E9005E3D58 /* AFImageRequestOperation.m */,
				84E08757163553E9005E3D58 /* AFJSONRequestOperation.h */,
				84E08758163553E9005E3D58 /* AFJSONRequestOperation.m */,
				84E08759163553E9005E3D58 /* AFNetworkActivityIndicatorManager.h */,
				84E0875A163553E9005E3D58 /* AFNetworkActivityIndicatorManager.m */,
				84E0875B163553E9005E3D58 /* AFNetworking.h */,
				84E0875C163553E9005E3D58 /* AFPropertyListRequestOperation.h */,
				84E0875D163553E9005E3D58 /* AFPropertyListRequestOperation.m */,
				84E0875E163553E9005E3D58 /* AFURLConnectionOperation.h */,
				84E0875F163553E9005E3D58 /* AFURLConnectionOperation.m */,
				84E08760163553E9005E3D58 /* AFXMLRequestOperation.h */,
				84E08761163553E9005E3D58 /* AFXMLRequestOperation.m */,
				84E08762163553E9005E3D58 /* UIImageView+AFNetworking.h */,
				84E08763163553E9005E3D58 /* UIImageView+AFNetworking.m */,
			);
			name = AFNetworking;
			path = AFNetworking/AFNetworking;
			sourceTree = SOURCE_ROOT;
		};
/* End PBXGroup section */

/* Begin PBXNativeTarget section */
		84422ABB162A87FF0077E6D5 /* InstaFood */ = {
			isa = PBXNativeTarget;
			buildConfigurationList = 84422AE0162A87FF0077E6D5 /* Build configuration list for PBXNativeTarget "InstaFood" */;
			buildPhases = (
				84422AB8162A87FF0077E6D5 /* Sources */,
				84422AB9162A87FF0077E6D5 /* Frameworks */,
				84422ABA162A87FF0077E6D5 /* Resources */,
			);
			buildRules = (
			);
			dependencies = (
			);
			name = InstaFood;
			productName = InstaFood;
			productReference = 84422ABC162A87FF0077E6D5 /* InstaFood.app */;
			productType = "com.apple.product-type.application";
		};
/* End PBXNativeTarget section */

/* Begin PBXProject section */
		84422AB3162A87FF0077E6D5 /* Project object */ = {
			isa = PBXProject;
			attributes = {
				LastUpgradeCheck = 0450;
				ORGANIZATIONNAME = MagicDev;
			};
			buildConfigurationList = 84422AB6162A87FF0077E6D5 /* Build configuration list for PBXProject "InstaFood" */;
			compatibilityVersion = "Xcode 3.2";
			developmentRegion = English;
			hasScannedForEncodings = 0;
			knownRegions = (
				en,
			);
			mainGroup = 84422AB1162A87FF0077E6D5;
			productRefGroup = 84422ABD162A87FF0077E6D5 /* Products */;
			projectDirPath = "";
			projectRoot = "";
			targets = (
				84422ABB162A87FF0077E6D5 /* InstaFood */,
			);
		};
/* End PBXProject section */

/* Begin PBXResourcesBuildPhase section */
		84422ABA162A87FF0077E6D5 /* Resources */ = {
			isa = PBXResourcesBuildPhase;
			buildActionMask = 2147483647;
			files = (
				84422ACB162A87FF0077E6D5 /* InfoPlist.strings in Resources */,
				84422ADA162A87FF0077E6D5 /* MainStoryboard.storyboard in Resources */,
				84422AE6162A88360077E6D5 /* Default-568h@2x.png in Resources */,
				84422AE7162A88360077E6D5 /* Default.png in Resources */,
				84422AE8162A88360077E6D5 /* Default@2x.png in Resources */,
				84CE05F61632C91400271541 /* backbutton.png in Resources */,
				84CE05F71632C91400271541 /* backbutton@2x.png in Resources */,
				84CE05F81632C91400271541 /* barbutton.png in Resources */,
				84CE05F91632C91400271541 /* barbutton@2x.png in Resources */,
				84CE05FA1632C91400271541 /* Camera.png in Resources */,
				84CE05FB1632C91400271541 /* Camera@2x.png in Resources */,
				84CE05FC1632C91400271541 /* edit_background.png in Resources */,
				84CE05FD1632C91400271541 /* edit_background@2x.png in Resources */,
				84CE05FE1632C91400271541 /* edit_photo-active.png in Resources */,
				84CE05FF1632C91400271541 /* edit_photo-active@2x.png in Resources */,
				84CE06001632C91400271541 /* edit_photo-inactive.png in Resources */,
				84CE06011632C91400271541 /* edit_photo-inactive@2x.png in Resources */,
				84CE06021632C91400271541 /* explore-active.png in Resources */,
				84CE06031632C91400271541 /* explore-active@2x.png in Resources */,
				84CE06041632C91400271541 /* explore-inactive.png in Resources */,
				84CE06051632C91400271541 /* explore-inactive@2x.png in Resources */,
				84CE06061632C91400271541 /* navbar.png in Resources */,
				84CE06071632C91400271541 /* navbar@2x.png in Resources */,
				84CE06081632C91400271541 /* PhotoAblum.png in Resources */,
				84CE06091632C91400271541 /* PhotoAblum@2x.png in Resources */,
				84CE060A1632C91400271541 /* tab-background.png in Resources */,
				84CE060B1632C91400271541 /* tab-background@2x.png in Resources */,
				84CE061F1632CF3400271541 /* Vollkorn-Bold.ttf in Resources */,
				84CE06201632CF3400271541 /* Vollkorn-BoldItalic.ttf in Resources */,
				84CE06211632CF3400271541 /* Vollkorn-Italic.ttf in Resources */,
				84CE06221632CF3400271541 /* Vollkorn-Regular.ttf in Resources */,
				8476F4D71632F26800AEF3AE /* AviarySDKResources.bundle in Resources */,
				846F32251636492E0018D664 /* NimbusWebController.bundle in Resources */,
				846F32D0163688A70018D664 /* white-border@2x.png in Resources */,
				846F32D1163688A70018D664 /* white-border.png in Resources */,
			);
			runOnlyForDeploymentPostprocessing = 0;
		};
/* End PBXResourcesBuildPhase section */

/* Begin PBXSourcesBuildPhase section */
		84422AB8162A87FF0077E6D5 /* Sources */ = {
			isa = PBXSourcesBuildPhase;
			buildActionMask = 2147483647;
			files = (
				84422ACD162A87FF0077E6D5 /* main.m in Sources */,
				84422AD1162A87FF0077E6D5 /* AppDelegate.m in Sources */,
				84422ADD162A87FF0077E6D5 /* EditPhotoViewController.m in Sources */,
				84CE061A1632CB3700271541 /* CustomTabBar.m in Sources */,
				8476F4E71632F35100AEF3AE /* AFSubPhotoEditorViewController.m in Sources */,
				842486B1163370DA00EC3C0A /* ExploreViewController.m in Sources */,
				8496900C163390FB004A558F /* TwitterManager.m in Sources */,
				8478CDF816350DB100E950A9 /* ExploreCell.m in Sources */,
				8478CE111635329500E950A9 /* DescriptionClass.m in Sources */,
				8478CE121635329500E950A9 /* Entities.m in Sources */,
				8478CE131635329500E950A9 /* Hashtags.m in Sources */,
				8478CE141635329500E950A9 /* Metadata.m in Sources */,
				8478CE151635329500E950A9 /* SearchMetadata.m in Sources */,
				8478CE161635329500E950A9 /* Statuses.m in Sources */,
				8478CE171635329500E950A9 /* TweetObject.m in Sources */,
				8478CE181635329500E950A9 /* Url.m in Sources */,
				8478CE191635329500E950A9 /* Urls.m in Sources */,
				8478CE1A1635329500E950A9 /* User.m in Sources */,
				84E08764163553E9005E3D58 /* AFHTTPClient.m in Sources */,
				84E08765163553E9005E3D58 /* AFHTTPRequestOperation.m in Sources */,
				84E08766163553E9005E3D58 /* AFImageRequestOperation.m in Sources */,
				84E08767163553E9005E3D58 /* AFJSONRequestOperation.m in Sources */,
				84E08768163553E9005E3D58 /* AFNetworkActivityIndicatorManager.m in Sources */,
				84E08769163553E9005E3D58 /* AFPropertyListRequestOperation.m in Sources */,
				84E0876A163553E9005E3D58 /* AFURLConnectionOperation.m in Sources */,
				84E0876B163553E9005E3D58 /* AFXMLRequestOperation.m in Sources */,
				84E0876C163553E9005E3D58 /* UIImageView+AFNetworking.m in Sources */,
				846F32201636492E0018D664 /* NIAttributedLabel.m in Sources */,
				846F32211636492E0018D664 /* NSMutableAttributedString+NimbusAttributedLabel.m in Sources */,
				846F32261636492E0018D664 /* NIWebController.m in Sources */,
				846F326C163649B80018D664 /* NICommonMetrics.m in Sources */,
				846F326D163649B80018D664 /* NIDataStructures.m in Sources */,
				846F326E163649B80018D664 /* NIDebuggingTools.m in Sources */,
				846F326F163649B80018D664 /* NIDeviceOrientation.m in Sources */,
				846F3270163649B80018D664 /* NIError.m in Sources */,
				846F3271163649B80018D664 /* NIFoundationMethods.m in Sources */,
				846F3272163649B80018D664 /* NIInMemoryCache.m in Sources */,
				846F3273163649B80018D664 /* NINavigationAppearance.m in Sources */,
				846F3274163649B80018D664 /* NINetworkActivity.m in Sources */,
				846F3275163649B80018D664 /* NINonEmptyCollectionTesting.m in Sources */,
				846F3276163649B80018D664 /* NINonRetainingCollections.m in Sources */,
				846F3277163649B80018D664 /* NIOperations.m in Sources */,
				846F3278163649B80018D664 /* NIPaths.m in Sources */,
				846F3279163649B80018D664 /* NIRuntimeClassModifications.m in Sources */,
				846F327A163649B80018D664 /* NISDKAvailability.m in Sources */,
				846F327B163649B80018D664 /* NISnapshotRotation.m in Sources */,
				846F327C163649B80018D664 /* NIState.m in Sources */,
				846F327D163649B80018D664 /* NIViewRecycler.m in Sources */,
				846F327E163649B80018D664 /* NSString+NimbusCore.m in Sources */,
				846F32A8163653150018D664 /* PrettyCustomViewTableViewCell.m in Sources */,
				846F32A9163653150018D664 /* PrettyGridTableViewCell.m in Sources */,
				846F32AA163653150018D664 /* PrettySegmentedControlTableViewCell.m in Sources */,
				846F32AB163653150018D664 /* PrettyTableViewCell.m in Sources */,
				846F32AC163653150018D664 /* PrettyDrawing.m in Sources */,
				846F32AD163653150018D664 /* PrettyNavigationBar.m in Sources */,
				846F32AE163653150018D664 /* PrettyShadowPlainTableview.m in Sources */,
				846F32AF163653150018D664 /* PrettyTabBar.m in Sources */,
				846F32B0163653150018D664 /* PrettyToolbar.m in Sources */,
				846CE6B516382C2800EA6105 /* DetailViewController.m in Sources */,
				84DB74921638CF3100FC07F5 /* DetailImageCell.m in Sources */,
				84DB74951638CF6200FC07F5 /* DetailStatusCell.m in Sources */,
			);
			runOnlyForDeploymentPostprocessing = 0;
		};
/* End PBXSourcesBuildPhase section */

/* Begin PBXVariantGroup section */
		84422AC9162A87FF0077E6D5 /* InfoPlist.strings */ = {
			isa = PBXVariantGroup;
			children = (
				84422ACA162A87FF0077E6D5 /* en */,
			);
			name = InfoPlist.strings;
			sourceTree = "<group>";
		};
		84422AD8162A87FF0077E6D5 /* MainStoryboard.storyboard */ = {
			isa = PBXVariantGroup;
			children = (
				84422AD9162A87FF0077E6D5 /* en */,
			);
			name = MainStoryboard.storyboard;
			sourceTree = "<group>";
		};
/* End PBXVariantGroup section */

/* Begin XCBuildConfiguration section */
		84422ADE162A87FF0077E6D5 /* Debug */ = {
			isa = XCBuildConfiguration;
			buildSettings = {
				ALWAYS_SEARCH_USER_PATHS = NO;
				CLANG_CXX_LANGUAGE_STANDARD = "gnu++0x";
				CLANG_CXX_LIBRARY = "libc++";
				CLANG_ENABLE_OBJC_ARC = YES;
				CLANG_WARN_EMPTY_BODY = YES;
				CLANG_WARN__DUPLICATE_METHOD_MATCH = YES;
				"CODE_SIGN_IDENTITY[sdk=iphoneos*]" = "iPhone Developer";
				COPY_PHASE_STRIP = NO;
				GCC_C_LANGUAGE_STANDARD = gnu99;
				GCC_DYNAMIC_NO_PIC = NO;
				GCC_OPTIMIZATION_LEVEL = 0;
				GCC_PREPROCESSOR_DEFINITIONS = (
					"DEBUG=1",
					"$(inherited)",
				);
				GCC_SYMBOLS_PRIVATE_EXTERN = NO;
				GCC_WARN_ABOUT_RETURN_TYPE = YES;
				GCC_WARN_UNINITIALIZED_AUTOS = YES;
				GCC_WARN_UNUSED_VARIABLE = YES;
				IPHONEOS_DEPLOYMENT_TARGET = 6.0;
				ONLY_ACTIVE_ARCH = YES;
				SDKROOT = iphoneos;
			};
			name = Debug;
		};
		84422ADF162A87FF0077E6D5 /* Release */ = {
			isa = XCBuildConfiguration;
			buildSettings = {
				ALWAYS_SEARCH_USER_PATHS = NO;
				CLANG_CXX_LANGUAGE_STANDARD = "gnu++0x";
				CLANG_CXX_LIBRARY = "libc++";
				CLANG_ENABLE_OBJC_ARC = YES;
				CLANG_WARN_EMPTY_BODY = YES;
				CLANG_WARN__DUPLICATE_METHOD_MATCH = YES;
				"CODE_SIGN_IDENTITY[sdk=iphoneos*]" = "iPhone Developer";
				COPY_PHASE_STRIP = YES;
				GCC_C_LANGUAGE_STANDARD = gnu99;
				GCC_WARN_ABOUT_RETURN_TYPE = YES;
				GCC_WARN_UNINITIALIZED_AUTOS = YES;
				GCC_WARN_UNUSED_VARIABLE = YES;
				IPHONEOS_DEPLOYMENT_TARGET = 6.0;
				OTHER_CFLAGS = "-DNS_BLOCK_ASSERTIONS=1";
				SDKROOT = iphoneos;
				VALIDATE_PRODUCT = YES;
			};
			name = Release;
		};
		84422AE1162A87FF0077E6D5 /* Debug */ = {
			isa = XCBuildConfiguration;
			buildSettings = {
				GCC_PRECOMPILE_PREFIX_HEADER = YES;
				GCC_PREFIX_HEADER = "InstaFood/InstaFood-Prefix.pch";
				INFOPLIST_FILE = "InstaFood/InstaFood-Info.plist";
				LIBRARY_SEARCH_PATHS = (
					"$(inherited)",
					"\"$(SRCROOT)/Mobile-Feather-SDK-for-iOS/AviarySDK\"",
				);
				OTHER_LDFLAGS = (
					"-ObjC",
					"-all_load",
				);
				PRODUCT_NAME = "$(TARGET_NAME)";
				WRAPPER_EXTENSION = app;
			};
			name = Debug;
		};
		84422AE2162A87FF0077E6D5 /* Release */ = {
			isa = XCBuildConfiguration;
			buildSettings = {
				GCC_PRECOMPILE_PREFIX_HEADER = YES;
				GCC_PREFIX_HEADER = "InstaFood/InstaFood-Prefix.pch";
				INFOPLIST_FILE = "InstaFood/InstaFood-Info.plist";
				LIBRARY_SEARCH_PATHS = (
					"$(inherited)",
					"\"$(SRCROOT)/Mobile-Feather-SDK-for-iOS/AviarySDK\"",
				);
				OTHER_LDFLAGS = (
					"-ObjC",
					"-all_load",
				);
				PRODUCT_NAME = "$(TARGET_NAME)";
				WRAPPER_EXTENSION = app;
			};
			name = Release;
		};
/* End XCBuildConfiguration section */

/* Begin XCConfigurationList section */
		84422AB6162A87FF0077E6D5 /* Build configuration list for PBXProject "InstaFood" */ = {
			isa = XCConfigurationList;
			buildConfigurations = (
				84422ADE162A87FF0077E6D5 /* Debug */,
				84422ADF162A87FF0077E6D5 /* Release */,
			);
			defaultConfigurationIsVisible = 0;
			defaultConfigurationName = Release;
		};
		84422AE0162A87FF0077E6D5 /* Build configuration list for PBXNativeTarget "InstaFood" */ = {
			isa = XCConfigurationList;
			buildConfigurations = (
				84422AE1162A87FF0077E6D5 /* Debug */,
				84422AE2162A87FF0077E6D5 /* Release */,
			);
			defaultConfigurationIsVisible = 0;
			defaultConfigurationName = Release;
		};
/* End XCConfigurationList section */
	};
	rootObject = 84422AB3162A87FF0077E6D5 /* Project object */;
}
